// !$*UTF8*$!
{
	archiveVersion = 1;
	classes = {
	};
	objectVersion = 50;
	objects = {

/* Begin PBXBuildFile section */
		F21CB38921B5116B00036785 /* SinglyLinkedList.swift in Sources */ = {isa = PBXBuildFile; fileRef = F21CB38821B5116B00036785 /* SinglyLinkedList.swift */; };
		F21CB38A21B5116B00036785 /* SinglyLinkedList.swift in Sources */ = {isa = PBXBuildFile; fileRef = F21CB38821B5116B00036785 /* SinglyLinkedList.swift */; };
		F21CB39521B66B7B00036785 /* SLinkedList.swift in Sources */ = {isa = PBXBuildFile; fileRef = F21CB39421B66B7B00036785 /* SLinkedList.swift */; };
		F21CB39621B66B7B00036785 /* SLinkedList.swift in Sources */ = {isa = PBXBuildFile; fileRef = F21CB39421B66B7B00036785 /* SLinkedList.swift */; };
		F21CB3BB21B87D0200036785 /* LinkedList.swift in Sources */ = {isa = PBXBuildFile; fileRef = F21CB3BA21B87D0200036785 /* LinkedList.swift */; };
		F21CB3BC21B87D0200036785 /* LinkedList.swift in Sources */ = {isa = PBXBuildFile; fileRef = F21CB3BA21B87D0200036785 /* LinkedList.swift */; };
		F21CB3C621B8F22100036785 /* main.swift in Sources */ = {isa = PBXBuildFile; fileRef = F21CB3C521B8F22100036785 /* main.swift */; };
		F21CB3CB21B8F23100036785 /* Physics.swift in Sources */ = {isa = PBXBuildFile; fileRef = F21CB3CA21B8F23100036785 /* Physics.swift */; };
		F21CB3CC21B8F23100036785 /* Physics.swift in Sources */ = {isa = PBXBuildFile; fileRef = F21CB3CA21B8F23100036785 /* Physics.swift */; };
		F21CB3CD21B8F23100036785 /* Physics.swift in Sources */ = {isa = PBXBuildFile; fileRef = F21CB3CA21B8F23100036785 /* Physics.swift */; };
		F21CB3D321B8F9F500036785 /* Collision.swift in Sources */ = {isa = PBXBuildFile; fileRef = F21CB3D221B8F9F500036785 /* Collision.swift */; };
		F21CB3D421B8F9F500036785 /* Collision.swift in Sources */ = {isa = PBXBuildFile; fileRef = F21CB3D221B8F9F500036785 /* Collision.swift */; };
		F21CB3D521B8F9F500036785 /* Collision.swift in Sources */ = {isa = PBXBuildFile; fileRef = F21CB3D221B8F9F500036785 /* Collision.swift */; };
		F241DF4521CCB9D90004605E /* UIOverlay.swift in Sources */ = {isa = PBXBuildFile; fileRef = F241DF4421CCB9D90004605E /* UIOverlay.swift */; };
		F241DF4821CCC20D0004605E /* UIOverlayView.swift in Sources */ = {isa = PBXBuildFile; fileRef = F241DF4721CCC20D0004605E /* UIOverlayView.swift */; };
		F2556A1121B480AF00E23A39 /* ShapeNode.swift in Sources */ = {isa = PBXBuildFile; fileRef = F2556A1021B480AF00E23A39 /* ShapeNode.swift */; };
		F2556A1221B480AF00E23A39 /* ShapeNode.swift in Sources */ = {isa = PBXBuildFile; fileRef = F2556A1021B480AF00E23A39 /* ShapeNode.swift */; };
		F2556A1421B4881800E23A39 /* ShapeNodeBase.swift in Sources */ = {isa = PBXBuildFile; fileRef = F2556A1321B4881800E23A39 /* ShapeNodeBase.swift */; };
		F2556A1521B4881800E23A39 /* ShapeNodeBase.swift in Sources */ = {isa = PBXBuildFile; fileRef = F2556A1321B4881800E23A39 /* ShapeNodeBase.swift */; };
		F262F1B521B21BDE00B973C8 /* PathnodeBase.swift in Sources */ = {isa = PBXBuildFile; fileRef = F262F1B421B21BDE00B973C8 /* PathnodeBase.swift */; };
		F262F1B621B21BDE00B973C8 /* PathnodeBase.swift in Sources */ = {isa = PBXBuildFile; fileRef = F262F1B421B21BDE00B973C8 /* PathnodeBase.swift */; };
		F262F1B821B21CAD00B973C8 /* ModelSetting.swift in Sources */ = {isa = PBXBuildFile; fileRef = F262F1B721B21CAD00B973C8 /* ModelSetting.swift */; };
		F262F1B921B21CAD00B973C8 /* ModelSetting.swift in Sources */ = {isa = PBXBuildFile; fileRef = F262F1B721B21CAD00B973C8 /* ModelSetting.swift */; };
		F262F1BB21B2225C00B973C8 /* CommandQueue.swift in Sources */ = {isa = PBXBuildFile; fileRef = F262F1BA21B2225C00B973C8 /* CommandQueue.swift */; };
		F262F1BC21B2225C00B973C8 /* CommandQueue.swift in Sources */ = {isa = PBXBuildFile; fileRef = F262F1BA21B2225C00B973C8 /* CommandQueue.swift */; };
		F262F1C821B23B3600B973C8 /* TestBaseTest.swift in Sources */ = {isa = PBXBuildFile; fileRef = F262F1C721B23B3600B973C8 /* TestBaseTest.swift */; };
		F2852C1421BA4E6400FCD231 /* Fixture.swift in Sources */ = {isa = PBXBuildFile; fileRef = F2852C1321BA4E6400FCD231 /* Fixture.swift */; };
		F2852C1521BA4E6400FCD231 /* Fixture.swift in Sources */ = {isa = PBXBuildFile; fileRef = F2852C1321BA4E6400FCD231 /* Fixture.swift */; };
		F2852C1621BA4E6400FCD231 /* Fixture.swift in Sources */ = {isa = PBXBuildFile; fileRef = F2852C1321BA4E6400FCD231 /* Fixture.swift */; };
		F2899EE721CD8533006F3318 /* TimeDilator.swift in Sources */ = {isa = PBXBuildFile; fileRef = F2899EE621CD845D006F3318 /* TimeDilator.swift */; };
		F2899EE821CD853C006F3318 /* TimeDilator.swift in Sources */ = {isa = PBXBuildFile; fileRef = F2899EE621CD845D006F3318 /* TimeDilator.swift */; };
		F2899EEA21CD88CB006F3318 /* ModelImagine.swift in Sources */ = {isa = PBXBuildFile; fileRef = F2899EE921CD88CB006F3318 /* ModelImagine.swift */; };
		F2899EEB21CD88CB006F3318 /* ModelImagine.swift in Sources */ = {isa = PBXBuildFile; fileRef = F2899EE921CD88CB006F3318 /* ModelImagine.swift */; };
		F2899EED21CDB37A006F3318 /* UIImagineController.swift in Sources */ = {isa = PBXBuildFile; fileRef = F2899EEC21CDB37A006F3318 /* UIImagineController.swift */; };
		F2899EF221CDD337006F3318 /* UINodeModifier.swift in Sources */ = {isa = PBXBuildFile; fileRef = F2899EF121CDD337006F3318 /* UINodeModifier.swift */; };
		F2899F4321CE0BE3006F3318 /* UIKeyPlug.swift in Sources */ = {isa = PBXBuildFile; fileRef = F2899F4221CE0BE3006F3318 /* UIKeyPlug.swift */; };
		F2899F4721CE0C58006F3318 /* ProjectileNode.swift in Sources */ = {isa = PBXBuildFile; fileRef = F2899F4621CE0C58006F3318 /* ProjectileNode.swift */; };
		F2899F4821CE0C58006F3318 /* ProjectileNode.swift in Sources */ = {isa = PBXBuildFile; fileRef = F2899F4621CE0C58006F3318 /* ProjectileNode.swift */; };
		F2899F4A21CE1026006F3318 /* ProjectileNodeController.swift in Sources */ = {isa = PBXBuildFile; fileRef = F2899F4921CE1026006F3318 /* ProjectileNodeController.swift */; };
		F2899F4B21CE1026006F3318 /* ProjectileNodeController.swift in Sources */ = {isa = PBXBuildFile; fileRef = F2899F4921CE1026006F3318 /* ProjectileNodeController.swift */; };
		F2899F4D21CE112D006F3318 /* ProjectileBase.swift in Sources */ = {isa = PBXBuildFile; fileRef = F2899F4C21CE112D006F3318 /* ProjectileBase.swift */; };
		F2899F4E21CE112D006F3318 /* ProjectileBase.swift in Sources */ = {isa = PBXBuildFile; fileRef = F2899F4C21CE112D006F3318 /* ProjectileBase.swift */; };
		F2BAA17E21C0825100503A6D /* NodeScene.swift in Sources */ = {isa = PBXBuildFile; fileRef = F2BAA17D21C0825100503A6D /* NodeScene.swift */; };
		F2BAA18021C0830E00503A6D /* DataBase.swift in Sources */ = {isa = PBXBuildFile; fileRef = F2BAA17F21C0830E00503A6D /* DataBase.swift */; };
		F2BAA18121C0830E00503A6D /* DataBase.swift in Sources */ = {isa = PBXBuildFile; fileRef = F2BAA17F21C0830E00503A6D /* DataBase.swift */; };
		F2BAA18321C0861300503A6D /* NodeSceneViewController.swift in Sources */ = {isa = PBXBuildFile; fileRef = F2BAA18221C0861300503A6D /* NodeSceneViewController.swift */; };
		F2BD63F721B0B2D500FBDFD2 /* AppDelegate.swift in Sources */ = {isa = PBXBuildFile; fileRef = F2BD63F621B0B2D500FBDFD2 /* AppDelegate.swift */; };
		F2BD63F921B0B2D500FBDFD2 /* GameScene.sks in Resources */ = {isa = PBXBuildFile; fileRef = F2BD63F821B0B2D500FBDFD2 /* GameScene.sks */; };
		F2BD63FB21B0B2D500FBDFD2 /* Actions.sks in Resources */ = {isa = PBXBuildFile; fileRef = F2BD63FA21B0B2D500FBDFD2 /* Actions.sks */; };
		F2BD63FD21B0B2D500FBDFD2 /* GameScene.swift in Sources */ = {isa = PBXBuildFile; fileRef = F2BD63FC21B0B2D500FBDFD2 /* GameScene.swift */; };
		F2BD63FF21B0B2D500FBDFD2 /* ViewController.swift in Sources */ = {isa = PBXBuildFile; fileRef = F2BD63FE21B0B2D500FBDFD2 /* ViewController.swift */; };
		F2BD640121B0B2D600FBDFD2 /* Assets.xcassets in Resources */ = {isa = PBXBuildFile; fileRef = F2BD640021B0B2D600FBDFD2 /* Assets.xcassets */; };
		F2BD640421B0B2D600FBDFD2 /* Main.storyboard in Resources */ = {isa = PBXBuildFile; fileRef = F2BD640221B0B2D600FBDFD2 /* Main.storyboard */; };
		F2BD641021B0B2D600FBDFD2 /* Model2Tests.swift in Sources */ = {isa = PBXBuildFile; fileRef = F2BD640F21B0B2D600FBDFD2 /* Model2Tests.swift */; };
		F2BD642221B0B35100FBDFD2 /* main.swift in Sources */ = {isa = PBXBuildFile; fileRef = F2BD642121B0B35100FBDFD2 /* main.swift */; };
		F2BD642721B0B36300FBDFD2 /* Model.swift in Sources */ = {isa = PBXBuildFile; fileRef = F2BD642621B0B36200FBDFD2 /* Model.swift */; };
		F2BD642821B0B3C700FBDFD2 /* Model.swift in Sources */ = {isa = PBXBuildFile; fileRef = F2BD642621B0B36200FBDFD2 /* Model.swift */; };
		F2BD642B21B0B45C00FBDFD2 /* PathNode.swift in Sources */ = {isa = PBXBuildFile; fileRef = F2BD642A21B0B45C00FBDFD2 /* PathNode.swift */; };
		F2BD642C21B0B45C00FBDFD2 /* PathNode.swift in Sources */ = {isa = PBXBuildFile; fileRef = F2BD642A21B0B45C00FBDFD2 /* PathNode.swift */; };
		F2BD642E21B0B48F00FBDFD2 /* misc.swift in Sources */ = {isa = PBXBuildFile; fileRef = F2BD642D21B0B48F00FBDFD2 /* misc.swift */; };
		F2BD642F21B0B48F00FBDFD2 /* misc.swift in Sources */ = {isa = PBXBuildFile; fileRef = F2BD642D21B0B48F00FBDFD2 /* misc.swift */; };
		F2BD643221B0CB5700FBDFD2 /* SetStack.swift in Sources */ = {isa = PBXBuildFile; fileRef = F2BD643121B0CB5700FBDFD2 /* SetStack.swift */; };
		F2BD643321B0CB5700FBDFD2 /* SetStack.swift in Sources */ = {isa = PBXBuildFile; fileRef = F2BD643121B0CB5700FBDFD2 /* SetStack.swift */; };
		F2BD643521B0CBEB00FBDFD2 /* WeakSet.swift in Sources */ = {isa = PBXBuildFile; fileRef = F2BD643421B0CBEB00FBDFD2 /* WeakSet.swift */; };
		F2BD643621B0CBEB00FBDFD2 /* WeakSet.swift in Sources */ = {isa = PBXBuildFile; fileRef = F2BD643421B0CBEB00FBDFD2 /* WeakSet.swift */; };
		F2BD643821B0CC7200FBDFD2 /* WeakDictionary.swift in Sources */ = {isa = PBXBuildFile; fileRef = F2BD643721B0CC7200FBDFD2 /* WeakDictionary.swift */; };
		F2BD643921B0CC7200FBDFD2 /* WeakDictionary.swift in Sources */ = {isa = PBXBuildFile; fileRef = F2BD643721B0CC7200FBDFD2 /* WeakDictionary.swift */; };
		F2CC64AF21C4E23400809FE3 /* ActionBase.swift in Sources */ = {isa = PBXBuildFile; fileRef = F2CC64AE21C4E23400809FE3 /* ActionBase.swift */; };
		F2CC64B021C4E23400809FE3 /* ActionBase.swift in Sources */ = {isa = PBXBuildFile; fileRef = F2CC64AE21C4E23400809FE3 /* ActionBase.swift */; };
		F2CC64B221C4E27400809FE3 /* Heap.swift in Sources */ = {isa = PBXBuildFile; fileRef = F2CC64B121C4E27400809FE3 /* Heap.swift */; };
		F2CC64B321C4E27400809FE3 /* Heap.swift in Sources */ = {isa = PBXBuildFile; fileRef = F2CC64B121C4E27400809FE3 /* Heap.swift */; };
		F2CC64B621C4E30B00809FE3 /* Action.swift in Sources */ = {isa = PBXBuildFile; fileRef = F2CC64B521C4E30B00809FE3 /* Action.swift */; };
		F2CC64B721C4E30B00809FE3 /* Action.swift in Sources */ = {isa = PBXBuildFile; fileRef = F2CC64B521C4E30B00809FE3 /* Action.swift */; };
		F2CC64BD21C4E8F500809FE3 /* ActionEvaluator.swift in Sources */ = {isa = PBXBuildFile; fileRef = F2CC64BC21C4E8F500809FE3 /* ActionEvaluator.swift */; };
		F2CC64BE21C4E8F500809FE3 /* ActionEvaluator.swift in Sources */ = {isa = PBXBuildFile; fileRef = F2CC64BC21C4E8F500809FE3 /* ActionEvaluator.swift */; };
		F2CC64C021C5F28A00809FE3 /* PathNodeEvaluator.swift in Sources */ = {isa = PBXBuildFile; fileRef = F2CC64BF21C5F28A00809FE3 /* PathNodeEvaluator.swift */; };
		F2CC64C121C5F28A00809FE3 /* PathNodeEvaluator.swift in Sources */ = {isa = PBXBuildFile; fileRef = F2CC64BF21C5F28A00809FE3 /* PathNodeEvaluator.swift */; };
		F2CC64C321C5F8FC00809FE3 /* ActionCreater.swift in Sources */ = {isa = PBXBuildFile; fileRef = F2CC64C221C5F8FC00809FE3 /* ActionCreater.swift */; };
		F2CC64C421C5F8FC00809FE3 /* ActionCreater.swift in Sources */ = {isa = PBXBuildFile; fileRef = F2CC64C221C5F8FC00809FE3 /* ActionCreater.swift */; };
		F2CC64C621C5F96200809FE3 /* Reaper.swift in Sources */ = {isa = PBXBuildFile; fileRef = F2CC64C521C5F96200809FE3 /* Reaper.swift */; };
		F2CC64C721C5F96200809FE3 /* Reaper.swift in Sources */ = {isa = PBXBuildFile; fileRef = F2CC64C521C5F96200809FE3 /* Reaper.swift */; };
		F2CC64C921C5F97C00809FE3 /* Clock.swift in Sources */ = {isa = PBXBuildFile; fileRef = F2CC64C821C5F97C00809FE3 /* Clock.swift */; };
		F2CC64CA21C5F97C00809FE3 /* Clock.swift in Sources */ = {isa = PBXBuildFile; fileRef = F2CC64C821C5F97C00809FE3 /* Clock.swift */; };
		F2CC64CC21C618F400809FE3 /* ShapeNodeEvaluator.swift in Sources */ = {isa = PBXBuildFile; fileRef = F2CC64CB21C618F400809FE3 /* ShapeNodeEvaluator.swift */; };
		F2CC64CD21C618F400809FE3 /* ShapeNodeEvaluator.swift in Sources */ = {isa = PBXBuildFile; fileRef = F2CC64CB21C618F400809FE3 /* ShapeNodeEvaluator.swift */; };
		F2CC64CF21C76FA200809FE3 /* ActionDelegate.swift in Sources */ = {isa = PBXBuildFile; fileRef = F2CC64CE21C76FA200809FE3 /* ActionDelegate.swift */; };
		F2CC64D021C76FA200809FE3 /* ActionDelegate.swift in Sources */ = {isa = PBXBuildFile; fileRef = F2CC64CE21C76FA200809FE3 /* ActionDelegate.swift */; };
		F2CC64D221C7700600809FE3 /* ShapeNodeActionDelegate.swift in Sources */ = {isa = PBXBuildFile; fileRef = F2CC64D121C7700600809FE3 /* ShapeNodeActionDelegate.swift */; };
		F2CC64D321C7700600809FE3 /* ShapeNodeActionDelegate.swift in Sources */ = {isa = PBXBuildFile; fileRef = F2CC64D121C7700600809FE3 /* ShapeNodeActionDelegate.swift */; };
		F2CC64D521C7704100809FE3 /* PathNodeActionDelegate.swift in Sources */ = {isa = PBXBuildFile; fileRef = F2CC64D421C7704100809FE3 /* PathNodeActionDelegate.swift */; };
		F2CC64D621C7704100809FE3 /* PathNodeActionDelegate.swift in Sources */ = {isa = PBXBuildFile; fileRef = F2CC64D421C7704100809FE3 /* PathNodeActionDelegate.swift */; };
		F2CC64DB21C8CEC200809FE3 /* PhysicsWorld.swift in Sources */ = {isa = PBXBuildFile; fileRef = F2CC64DA21C8CEC200809FE3 /* PhysicsWorld.swift */; };
		F2CC64DC21C8CEC200809FE3 /* PhysicsWorld.swift in Sources */ = {isa = PBXBuildFile; fileRef = F2CC64DA21C8CEC200809FE3 /* PhysicsWorld.swift */; };
		F2CC64DD21C8CEC200809FE3 /* PhysicsWorld.swift in Sources */ = {isa = PBXBuildFile; fileRef = F2CC64DA21C8CEC200809FE3 /* PhysicsWorld.swift */; };
		F2CC64DF21C8CF5700809FE3 /* MotionGraph.swift in Sources */ = {isa = PBXBuildFile; fileRef = F2CC64DE21C8CF5700809FE3 /* MotionGraph.swift */; };
		F2CC64E021C8CF5700809FE3 /* MotionGraph.swift in Sources */ = {isa = PBXBuildFile; fileRef = F2CC64DE21C8CF5700809FE3 /* MotionGraph.swift */; };
		F2CC64E121C8CF5700809FE3 /* MotionGraph.swift in Sources */ = {isa = PBXBuildFile; fileRef = F2CC64DE21C8CF5700809FE3 /* MotionGraph.swift */; };
		F2CC64E821C9AC3200809FE3 /* ShapeNodeController.swift in Sources */ = {isa = PBXBuildFile; fileRef = F2CC64E721C9AC3200809FE3 /* ShapeNodeController.swift */; };
		F2CC64E921C9AC3200809FE3 /* ShapeNodeController.swift in Sources */ = {isa = PBXBuildFile; fileRef = F2CC64E721C9AC3200809FE3 /* ShapeNodeController.swift */; };
		F2CC64EB21C9DA3100809FE3 /* ControllerSet.swift in Sources */ = {isa = PBXBuildFile; fileRef = F2CC64EA21C9DA3100809FE3 /* ControllerSet.swift */; };
		F2CC64EC21C9DA3100809FE3 /* ControllerSet.swift in Sources */ = {isa = PBXBuildFile; fileRef = F2CC64EA21C9DA3100809FE3 /* ControllerSet.swift */; };
		F2CC64EE21C9E21100809FE3 /* PathNodeController.swift in Sources */ = {isa = PBXBuildFile; fileRef = F2CC64ED21C9E21100809FE3 /* PathNodeController.swift */; };
		F2CC64EF21C9E21100809FE3 /* PathNodeController.swift in Sources */ = {isa = PBXBuildFile; fileRef = F2CC64ED21C9E21100809FE3 /* PathNodeController.swift */; };
		F2CC64F121C9EEE200809FE3 /* GeoemtryBase.swift in Sources */ = {isa = PBXBuildFile; fileRef = F2CC64F021C9EEE200809FE3 /* GeoemtryBase.swift */; };
		F2CC64F221C9EEE200809FE3 /* GeoemtryBase.swift in Sources */ = {isa = PBXBuildFile; fileRef = F2CC64F021C9EEE200809FE3 /* GeoemtryBase.swift */; };
		F2CC64F421C9EEF800809FE3 /* GeometryNode.swift in Sources */ = {isa = PBXBuildFile; fileRef = F2CC64F321C9EEF800809FE3 /* GeometryNode.swift */; };
		F2CC64F521C9EEF800809FE3 /* GeometryNode.swift in Sources */ = {isa = PBXBuildFile; fileRef = F2CC64F321C9EEF800809FE3 /* GeometryNode.swift */; };
		F2CC64F721CA15D100809FE3 /* GeometryNodeController.swift in Sources */ = {isa = PBXBuildFile; fileRef = F2CC64F621CA15D100809FE3 /* GeometryNodeController.swift */; };
		F2CC64F821CA15D100809FE3 /* GeometryNodeController.swift in Sources */ = {isa = PBXBuildFile; fileRef = F2CC64F621CA15D100809FE3 /* GeometryNodeController.swift */; };
		F2CC650121CB079000809FE3 /* GQTPointQuadTree.m in Sources */ = {isa = PBXBuildFile; fileRef = F2CC64FA21CB079000809FE3 /* GQTPointQuadTree.m */; };
		F2CC650221CB079000809FE3 /* GQTPointQuadTree.m in Sources */ = {isa = PBXBuildFile; fileRef = F2CC64FA21CB079000809FE3 /* GQTPointQuadTree.m */; };
		F2CC650321CB079000809FE3 /* GQTPointQuadTree.m in Sources */ = {isa = PBXBuildFile; fileRef = F2CC64FA21CB079000809FE3 /* GQTPointQuadTree.m */; };
		F2CC650421CB079000809FE3 /* GQTPointQuadTreeChild.m in Sources */ = {isa = PBXBuildFile; fileRef = F2CC64FC21CB079000809FE3 /* GQTPointQuadTreeChild.m */; };
		F2CC650521CB079000809FE3 /* GQTPointQuadTreeChild.m in Sources */ = {isa = PBXBuildFile; fileRef = F2CC64FC21CB079000809FE3 /* GQTPointQuadTreeChild.m */; };
		F2CC650621CB079000809FE3 /* GQTPointQuadTreeChild.m in Sources */ = {isa = PBXBuildFile; fileRef = F2CC64FC21CB079000809FE3 /* GQTPointQuadTreeChild.m */; };
		F2CC650921CB755C00809FE3 /* NSGameView.swift in Sources */ = {isa = PBXBuildFile; fileRef = F2CC650821CB755C00809FE3 /* NSGameView.swift */; };
		F2CC650C21CB790D00809FE3 /* UICameraController.swift in Sources */ = {isa = PBXBuildFile; fileRef = F2CC650B21CB790D00809FE3 /* UICameraController.swift */; };
		F2CC650E21CC1D1D00809FE3 /* UIHandlers.swift in Sources */ = {isa = PBXBuildFile; fileRef = F2CC650D21CC1D1D00809FE3 /* UIHandlers.swift */; };
		F2CC651221CC7ACC00809FE3 /* UIController.swift in Sources */ = {isa = PBXBuildFile; fileRef = F2CC651121CC7ACC00809FE3 /* UIController.swift */; };
		F2D6BD9E21B1ECDC00EC3AE5 /* WeakDictionaryTest.swift in Sources */ = {isa = PBXBuildFile; fileRef = F2D6BD9D21B1ECDC00EC3AE5 /* WeakDictionaryTest.swift */; };
		F2D6BD9F21B1ED2600EC3AE5 /* WeakDictionary.swift in Sources */ = {isa = PBXBuildFile; fileRef = F2BD643721B0CC7200FBDFD2 /* WeakDictionary.swift */; };
		F2D6BDA121B1F45F00EC3AE5 /* Utils.swift in Sources */ = {isa = PBXBuildFile; fileRef = F2D6BDA021B1F45F00EC3AE5 /* Utils.swift */; };
		F2D6BDA221B1F4E500EC3AE5 /* Utils.swift in Sources */ = {isa = PBXBuildFile; fileRef = F2D6BDA021B1F45F00EC3AE5 /* Utils.swift */; };
		F2D6BDA421B1F62A00EC3AE5 /* NodeTree.swift in Sources */ = {isa = PBXBuildFile; fileRef = F2D6BDA321B1F62A00EC3AE5 /* NodeTree.swift */; };
		F2D6BDA521B1F62A00EC3AE5 /* NodeTree.swift in Sources */ = {isa = PBXBuildFile; fileRef = F2D6BDA321B1F62A00EC3AE5 /* NodeTree.swift */; };
		F2E6C58A21B33254005C7DEA /* NodeMisc.swift in Sources */ = {isa = PBXBuildFile; fileRef = F2E6C58921B33254005C7DEA /* NodeMisc.swift */; };
		F2E6C58B21B33254005C7DEA /* NodeMisc.swift in Sources */ = {isa = PBXBuildFile; fileRef = F2E6C58921B33254005C7DEA /* NodeMisc.swift */; };
/* End PBXBuildFile section */

/* Begin PBXContainerItemProxy section */
		F2BD640C21B0B2D600FBDFD2 /* PBXContainerItemProxy */ = {
			isa = PBXContainerItemProxy;
			containerPortal = F2BD63EB21B0B2D500FBDFD2 /* Project object */;
			proxyType = 1;
			remoteGlobalIDString = F2BD63F221B0B2D500FBDFD2;
			remoteInfo = Model2;
		};
/* End PBXContainerItemProxy section */

/* Begin PBXCopyFilesBuildPhase section */
		F21CB3C121B8F22100036785 /* CopyFiles */ = {
			isa = PBXCopyFilesBuildPhase;
			buildActionMask = 2147483647;
			dstPath = /usr/share/man/man1/;
			dstSubfolderSpec = 0;
			files = (
			);
			runOnlyForDeploymentPostprocessing = 1;
		};
		F2BD641D21B0B35100FBDFD2 /* CopyFiles */ = {
			isa = PBXCopyFilesBuildPhase;
			buildActionMask = 2147483647;
			dstPath = /usr/share/man/man1/;
			dstSubfolderSpec = 0;
			files = (
			);
			runOnlyForDeploymentPostprocessing = 1;
		};
/* End PBXCopyFilesBuildPhase section */

/* Begin PBXFileReference section */
		F21CB38821B5116B00036785 /* SinglyLinkedList.swift */ = {isa = PBXFileReference; lastKnownFileType = sourcecode.swift; path = SinglyLinkedList.swift; sourceTree = "<group>"; };
		F21CB39421B66B7B00036785 /* SLinkedList.swift */ = {isa = PBXFileReference; lastKnownFileType = sourcecode.swift; path = SLinkedList.swift; sourceTree = "<group>"; };
		F21CB3BA21B87D0200036785 /* LinkedList.swift */ = {isa = PBXFileReference; lastKnownFileType = sourcecode.swift; path = LinkedList.swift; sourceTree = "<group>"; };
		F21CB3C321B8F22100036785 /* PhysicsTest */ = {isa = PBXFileReference; explicitFileType = "compiled.mach-o.executable"; includeInIndex = 0; path = PhysicsTest; sourceTree = BUILT_PRODUCTS_DIR; };
		F21CB3C521B8F22100036785 /* main.swift */ = {isa = PBXFileReference; lastKnownFileType = sourcecode.swift; path = main.swift; sourceTree = "<group>"; };
		F21CB3CA21B8F23100036785 /* Physics.swift */ = {isa = PBXFileReference; lastKnownFileType = sourcecode.swift; path = Physics.swift; sourceTree = "<group>"; };
		F21CB3D221B8F9F500036785 /* Collision.swift */ = {isa = PBXFileReference; lastKnownFileType = sourcecode.swift; path = Collision.swift; sourceTree = "<group>"; };
		F241DF4421CCB9D90004605E /* UIOverlay.swift */ = {isa = PBXFileReference; lastKnownFileType = sourcecode.swift; path = UIOverlay.swift; sourceTree = "<group>"; };
		F241DF4721CCC20D0004605E /* UIOverlayView.swift */ = {isa = PBXFileReference; lastKnownFileType = sourcecode.swift; path = UIOverlayView.swift; sourceTree = "<group>"; };
		F2556A1021B480AF00E23A39 /* ShapeNode.swift */ = {isa = PBXFileReference; lastKnownFileType = sourcecode.swift; path = ShapeNode.swift; sourceTree = "<group>"; };
		F2556A1321B4881800E23A39 /* ShapeNodeBase.swift */ = {isa = PBXFileReference; lastKnownFileType = sourcecode.swift; path = ShapeNodeBase.swift; sourceTree = "<group>"; };
		F262F1B421B21BDE00B973C8 /* PathnodeBase.swift */ = {isa = PBXFileReference; lastKnownFileType = sourcecode.swift; path = PathnodeBase.swift; sourceTree = "<group>"; };
		F262F1B721B21CAD00B973C8 /* ModelSetting.swift */ = {isa = PBXFileReference; lastKnownFileType = sourcecode.swift; path = ModelSetting.swift; sourceTree = "<group>"; };
		F262F1BA21B2225C00B973C8 /* CommandQueue.swift */ = {isa = PBXFileReference; lastKnownFileType = sourcecode.swift; path = CommandQueue.swift; sourceTree = "<group>"; };
		F262F1C721B23B3600B973C8 /* TestBaseTest.swift */ = {isa = PBXFileReference; lastKnownFileType = sourcecode.swift; path = TestBaseTest.swift; sourceTree = "<group>"; };
		F2852C1321BA4E6400FCD231 /* Fixture.swift */ = {isa = PBXFileReference; lastKnownFileType = sourcecode.swift; path = Fixture.swift; sourceTree = "<group>"; };
		F2899EE621CD845D006F3318 /* TimeDilator.swift */ = {isa = PBXFileReference; lastKnownFileType = sourcecode.swift; path = TimeDilator.swift; sourceTree = "<group>"; };
		F2899EE921CD88CB006F3318 /* ModelImagine.swift */ = {isa = PBXFileReference; lastKnownFileType = sourcecode.swift; path = ModelImagine.swift; sourceTree = "<group>"; };
		F2899EEC21CDB37A006F3318 /* UIImagineController.swift */ = {isa = PBXFileReference; lastKnownFileType = sourcecode.swift; path = UIImagineController.swift; sourceTree = "<group>"; };
		F2899EF121CDD337006F3318 /* UINodeModifier.swift */ = {isa = PBXFileReference; lastKnownFileType = sourcecode.swift; path = UINodeModifier.swift; sourceTree = "<group>"; };
		F2899F4221CE0BE3006F3318 /* UIKeyPlug.swift */ = {isa = PBXFileReference; lastKnownFileType = sourcecode.swift; path = UIKeyPlug.swift; sourceTree = "<group>"; };
		F2899F4621CE0C58006F3318 /* ProjectileNode.swift */ = {isa = PBXFileReference; lastKnownFileType = sourcecode.swift; path = ProjectileNode.swift; sourceTree = "<group>"; };
		F2899F4921CE1026006F3318 /* ProjectileNodeController.swift */ = {isa = PBXFileReference; lastKnownFileType = sourcecode.swift; path = ProjectileNodeController.swift; sourceTree = "<group>"; };
		F2899F4C21CE112D006F3318 /* ProjectileBase.swift */ = {isa = PBXFileReference; lastKnownFileType = sourcecode.swift; path = ProjectileBase.swift; sourceTree = "<group>"; };
		F2BAA17D21C0825100503A6D /* NodeScene.swift */ = {isa = PBXFileReference; lastKnownFileType = sourcecode.swift; path = NodeScene.swift; sourceTree = "<group>"; };
		F2BAA17F21C0830E00503A6D /* DataBase.swift */ = {isa = PBXFileReference; lastKnownFileType = sourcecode.swift; path = DataBase.swift; sourceTree = "<group>"; };
		F2BAA18221C0861300503A6D /* NodeSceneViewController.swift */ = {isa = PBXFileReference; lastKnownFileType = sourcecode.swift; path = NodeSceneViewController.swift; sourceTree = "<group>"; };
		F2BD63F321B0B2D500FBDFD2 /* Model2.app */ = {isa = PBXFileReference; explicitFileType = wrapper.application; includeInIndex = 0; path = Model2.app; sourceTree = BUILT_PRODUCTS_DIR; };
		F2BD63F621B0B2D500FBDFD2 /* AppDelegate.swift */ = {isa = PBXFileReference; lastKnownFileType = sourcecode.swift; path = AppDelegate.swift; sourceTree = "<group>"; };
		F2BD63F821B0B2D500FBDFD2 /* GameScene.sks */ = {isa = PBXFileReference; lastKnownFileType = file.sks; path = GameScene.sks; sourceTree = "<group>"; };
		F2BD63FA21B0B2D500FBDFD2 /* Actions.sks */ = {isa = PBXFileReference; lastKnownFileType = file.sks; path = Actions.sks; sourceTree = "<group>"; };
		F2BD63FC21B0B2D500FBDFD2 /* GameScene.swift */ = {isa = PBXFileReference; lastKnownFileType = sourcecode.swift; path = GameScene.swift; sourceTree = "<group>"; };
		F2BD63FE21B0B2D500FBDFD2 /* ViewController.swift */ = {isa = PBXFileReference; lastKnownFileType = sourcecode.swift; path = ViewController.swift; sourceTree = "<group>"; };
		F2BD640021B0B2D600FBDFD2 /* Assets.xcassets */ = {isa = PBXFileReference; lastKnownFileType = folder.assetcatalog; path = Assets.xcassets; sourceTree = "<group>"; };
		F2BD640321B0B2D600FBDFD2 /* Base */ = {isa = PBXFileReference; lastKnownFileType = file.storyboard; name = Base; path = Base.lproj/Main.storyboard; sourceTree = "<group>"; };
		F2BD640521B0B2D600FBDFD2 /* Info.plist */ = {isa = PBXFileReference; lastKnownFileType = text.plist.xml; path = Info.plist; sourceTree = "<group>"; };
		F2BD640621B0B2D600FBDFD2 /* Model2.entitlements */ = {isa = PBXFileReference; lastKnownFileType = text.plist.entitlements; path = Model2.entitlements; sourceTree = "<group>"; };
		F2BD640B21B0B2D600FBDFD2 /* Model2Tests.xctest */ = {isa = PBXFileReference; explicitFileType = wrapper.cfbundle; includeInIndex = 0; path = Model2Tests.xctest; sourceTree = BUILT_PRODUCTS_DIR; };
		F2BD640F21B0B2D600FBDFD2 /* Model2Tests.swift */ = {isa = PBXFileReference; lastKnownFileType = sourcecode.swift; path = Model2Tests.swift; sourceTree = "<group>"; };
		F2BD641121B0B2D600FBDFD2 /* Info.plist */ = {isa = PBXFileReference; lastKnownFileType = text.plist.xml; path = Info.plist; sourceTree = "<group>"; };
		F2BD641F21B0B35100FBDFD2 /* ModelCommand */ = {isa = PBXFileReference; explicitFileType = "compiled.mach-o.executable"; includeInIndex = 0; path = ModelCommand; sourceTree = BUILT_PRODUCTS_DIR; };
		F2BD642121B0B35100FBDFD2 /* main.swift */ = {isa = PBXFileReference; lastKnownFileType = sourcecode.swift; path = main.swift; sourceTree = "<group>"; };
		F2BD642621B0B36200FBDFD2 /* Model.swift */ = {isa = PBXFileReference; lastKnownFileType = sourcecode.swift; path = Model.swift; sourceTree = "<group>"; };
		F2BD642A21B0B45C00FBDFD2 /* PathNode.swift */ = {isa = PBXFileReference; lastKnownFileType = sourcecode.swift; path = PathNode.swift; sourceTree = "<group>"; };
		F2BD642D21B0B48F00FBDFD2 /* misc.swift */ = {isa = PBXFileReference; lastKnownFileType = sourcecode.swift; path = misc.swift; sourceTree = "<group>"; };
		F2BD643121B0CB5700FBDFD2 /* SetStack.swift */ = {isa = PBXFileReference; lastKnownFileType = sourcecode.swift; path = SetStack.swift; sourceTree = "<group>"; };
		F2BD643421B0CBEB00FBDFD2 /* WeakSet.swift */ = {isa = PBXFileReference; lastKnownFileType = sourcecode.swift; path = WeakSet.swift; sourceTree = "<group>"; };
		F2BD643721B0CC7200FBDFD2 /* WeakDictionary.swift */ = {isa = PBXFileReference; lastKnownFileType = sourcecode.swift; path = WeakDictionary.swift; sourceTree = "<group>"; };
		F2CC64AE21C4E23400809FE3 /* ActionBase.swift */ = {isa = PBXFileReference; lastKnownFileType = sourcecode.swift; path = ActionBase.swift; sourceTree = "<group>"; };
		F2CC64B121C4E27400809FE3 /* Heap.swift */ = {isa = PBXFileReference; lastKnownFileType = sourcecode.swift; path = Heap.swift; sourceTree = "<group>"; };
		F2CC64B521C4E30B00809FE3 /* Action.swift */ = {isa = PBXFileReference; lastKnownFileType = sourcecode.swift; path = Action.swift; sourceTree = "<group>"; };
		F2CC64BC21C4E8F500809FE3 /* ActionEvaluator.swift */ = {isa = PBXFileReference; lastKnownFileType = sourcecode.swift; path = ActionEvaluator.swift; sourceTree = "<group>"; };
		F2CC64BF21C5F28A00809FE3 /* PathNodeEvaluator.swift */ = {isa = PBXFileReference; lastKnownFileType = sourcecode.swift; path = PathNodeEvaluator.swift; sourceTree = "<group>"; };
		F2CC64C221C5F8FC00809FE3 /* ActionCreater.swift */ = {isa = PBXFileReference; lastKnownFileType = sourcecode.swift; path = ActionCreater.swift; sourceTree = "<group>"; };
		F2CC64C521C5F96200809FE3 /* Reaper.swift */ = {isa = PBXFileReference; lastKnownFileType = sourcecode.swift; path = Reaper.swift; sourceTree = "<group>"; };
		F2CC64C821C5F97C00809FE3 /* Clock.swift */ = {isa = PBXFileReference; lastKnownFileType = sourcecode.swift; path = Clock.swift; sourceTree = "<group>"; };
		F2CC64CB21C618F400809FE3 /* ShapeNodeEvaluator.swift */ = {isa = PBXFileReference; lastKnownFileType = sourcecode.swift; path = ShapeNodeEvaluator.swift; sourceTree = "<group>"; };
		F2CC64CE21C76FA200809FE3 /* ActionDelegate.swift */ = {isa = PBXFileReference; lastKnownFileType = sourcecode.swift; path = ActionDelegate.swift; sourceTree = "<group>"; };
		F2CC64D121C7700600809FE3 /* ShapeNodeActionDelegate.swift */ = {isa = PBXFileReference; lastKnownFileType = sourcecode.swift; path = ShapeNodeActionDelegate.swift; sourceTree = "<group>"; };
		F2CC64D421C7704100809FE3 /* PathNodeActionDelegate.swift */ = {isa = PBXFileReference; lastKnownFileType = sourcecode.swift; path = PathNodeActionDelegate.swift; sourceTree = "<group>"; };
		F2CC64DA21C8CEC200809FE3 /* PhysicsWorld.swift */ = {isa = PBXFileReference; lastKnownFileType = sourcecode.swift; path = PhysicsWorld.swift; sourceTree = "<group>"; };
		F2CC64DE21C8CF5700809FE3 /* MotionGraph.swift */ = {isa = PBXFileReference; lastKnownFileType = sourcecode.swift; path = MotionGraph.swift; sourceTree = "<group>"; };
		F2CC64E721C9AC3200809FE3 /* ShapeNodeController.swift */ = {isa = PBXFileReference; lastKnownFileType = sourcecode.swift; path = ShapeNodeController.swift; sourceTree = "<group>"; };
		F2CC64EA21C9DA3100809FE3 /* ControllerSet.swift */ = {isa = PBXFileReference; lastKnownFileType = sourcecode.swift; path = ControllerSet.swift; sourceTree = "<group>"; };
		F2CC64ED21C9E21100809FE3 /* PathNodeController.swift */ = {isa = PBXFileReference; lastKnownFileType = sourcecode.swift; path = PathNodeController.swift; sourceTree = "<group>"; };
		F2CC64F021C9EEE200809FE3 /* GeoemtryBase.swift */ = {isa = PBXFileReference; lastKnownFileType = sourcecode.swift; path = GeoemtryBase.swift; sourceTree = "<group>"; };
		F2CC64F321C9EEF800809FE3 /* GeometryNode.swift */ = {isa = PBXFileReference; lastKnownFileType = sourcecode.swift; path = GeometryNode.swift; sourceTree = "<group>"; };
		F2CC64F621CA15D100809FE3 /* GeometryNodeController.swift */ = {isa = PBXFileReference; lastKnownFileType = sourcecode.swift; path = GeometryNodeController.swift; sourceTree = "<group>"; };
		F2CC64FA21CB079000809FE3 /* GQTPointQuadTree.m */ = {isa = PBXFileReference; fileEncoding = 4; lastKnownFileType = sourcecode.c.objc; path = GQTPointQuadTree.m; sourceTree = "<group>"; };
		F2CC64FB21CB079000809FE3 /* GQTPointQuadTreeItem.h */ = {isa = PBXFileReference; fileEncoding = 4; lastKnownFileType = sourcecode.c.h; path = GQTPointQuadTreeItem.h; sourceTree = "<group>"; };
		F2CC64FC21CB079000809FE3 /* GQTPointQuadTreeChild.m */ = {isa = PBXFileReference; fileEncoding = 4; lastKnownFileType = sourcecode.c.objc; path = GQTPointQuadTreeChild.m; sourceTree = "<group>"; };
		F2CC64FD21CB079000809FE3 /* GQTPoint.h */ = {isa = PBXFileReference; fileEncoding = 4; lastKnownFileType = sourcecode.c.h; path = GQTPoint.h; sourceTree = "<group>"; };
		F2CC64FE21CB079000809FE3 /* GQTPointQuadTree.h */ = {isa = PBXFileReference; fileEncoding = 4; lastKnownFileType = sourcecode.c.h; path = GQTPointQuadTree.h; sourceTree = "<group>"; };
		F2CC64FF21CB079000809FE3 /* GQTPointQuadTreeChild.h */ = {isa = PBXFileReference; fileEncoding = 4; lastKnownFileType = sourcecode.c.h; path = GQTPointQuadTreeChild.h; sourceTree = "<group>"; };
		F2CC650021CB079000809FE3 /* GQTBounds.h */ = {isa = PBXFileReference; fileEncoding = 4; lastKnownFileType = sourcecode.c.h; path = GQTBounds.h; sourceTree = "<group>"; };
		F2CC650721CB081300809FE3 /* QuadTree-Bridging-Header.h */ = {isa = PBXFileReference; lastKnownFileType = sourcecode.c.h; path = "QuadTree-Bridging-Header.h"; sourceTree = "<group>"; };
		F2CC650821CB755C00809FE3 /* NSGameView.swift */ = {isa = PBXFileReference; lastKnownFileType = sourcecode.swift; path = NSGameView.swift; sourceTree = "<group>"; };
		F2CC650B21CB790D00809FE3 /* UICameraController.swift */ = {isa = PBXFileReference; lastKnownFileType = sourcecode.swift; path = UICameraController.swift; sourceTree = "<group>"; };
		F2CC650D21CC1D1D00809FE3 /* UIHandlers.swift */ = {isa = PBXFileReference; lastKnownFileType = sourcecode.swift; path = UIHandlers.swift; sourceTree = "<group>"; };
		F2CC651121CC7ACC00809FE3 /* UIController.swift */ = {isa = PBXFileReference; lastKnownFileType = sourcecode.swift; path = UIController.swift; sourceTree = "<group>"; };
		F2D6BD9D21B1ECDC00EC3AE5 /* WeakDictionaryTest.swift */ = {isa = PBXFileReference; lastKnownFileType = sourcecode.swift; path = WeakDictionaryTest.swift; sourceTree = "<group>"; };
		F2D6BDA021B1F45F00EC3AE5 /* Utils.swift */ = {isa = PBXFileReference; lastKnownFileType = sourcecode.swift; path = Utils.swift; sourceTree = "<group>"; };
		F2D6BDA321B1F62A00EC3AE5 /* NodeTree.swift */ = {isa = PBXFileReference; lastKnownFileType = sourcecode.swift; path = NodeTree.swift; sourceTree = "<group>"; };
		F2E6C58921B33254005C7DEA /* NodeMisc.swift */ = {isa = PBXFileReference; lastKnownFileType = sourcecode.swift; path = NodeMisc.swift; sourceTree = "<group>"; };
/* End PBXFileReference section */

/* Begin PBXFrameworksBuildPhase section */
		F21CB3C021B8F22100036785 /* Frameworks */ = {
			isa = PBXFrameworksBuildPhase;
			buildActionMask = 2147483647;
			files = (
			);
			runOnlyForDeploymentPostprocessing = 0;
		};
		F2BD63F021B0B2D500FBDFD2 /* Frameworks */ = {
			isa = PBXFrameworksBuildPhase;
			buildActionMask = 2147483647;
			files = (
			);
			runOnlyForDeploymentPostprocessing = 0;
		};
		F2BD640821B0B2D600FBDFD2 /* Frameworks */ = {
			isa = PBXFrameworksBuildPhase;
			buildActionMask = 2147483647;
			files = (
			);
			runOnlyForDeploymentPostprocessing = 0;
		};
		F2BD641C21B0B35100FBDFD2 /* Frameworks */ = {
			isa = PBXFrameworksBuildPhase;
			buildActionMask = 2147483647;
			files = (
			);
			runOnlyForDeploymentPostprocessing = 0;
		};
/* End PBXFrameworksBuildPhase section */

/* Begin PBXGroup section */
		F21CB38521B4782400036785 /* ui */ = {
			isa = PBXGroup;
			children = (
				F241DF4621CCC1FE0004605E /* views */,
				F2CC650A21CB790200809FE3 /* controller */,
				F2BAA18221C0861300503A6D /* NodeSceneViewController.swift */,
			);
			path = ui;
			sourceTree = "<group>";
		};
		F21CB3BE21B8F20B00036785 /* physics */ = {
			isa = PBXGroup;
			children = (
				F21CB3CA21B8F23100036785 /* Physics.swift */,
				F21CB3D221B8F9F500036785 /* Collision.swift */,
				F2852C1321BA4E6400FCD231 /* Fixture.swift */,
				F2CC64DA21C8CEC200809FE3 /* PhysicsWorld.swift */,
				F2CC64DE21C8CF5700809FE3 /* MotionGraph.swift */,
			);
			path = physics;
			sourceTree = "<group>";
		};
		F21CB3C421B8F22100036785 /* PhysicsTest */ = {
			isa = PBXGroup;
			children = (
				F21CB3C521B8F22100036785 /* main.swift */,
			);
			path = PhysicsTest;
			sourceTree = "<group>";
		};
		F241DF4621CCC1FE0004605E /* views */ = {
			isa = PBXGroup;
			children = (
				F241DF4721CCC20D0004605E /* UIOverlayView.swift */,
			);
			path = views;
			sourceTree = "<group>";
		};
		F2556A0F21B4808F00E23A39 /* nodes */ = {
			isa = PBXGroup;
			children = (
				F2BD642A21B0B45C00FBDFD2 /* PathNode.swift */,
				F2556A1021B480AF00E23A39 /* ShapeNode.swift */,
				F2CC64F321C9EEF800809FE3 /* GeometryNode.swift */,
				F2899F4621CE0C58006F3318 /* ProjectileNode.swift */,
			);
			path = nodes;
			sourceTree = "<group>";
		};
		F262F1C421B230D900B973C8 /* model utils */ = {
			isa = PBXGroup;
			children = (
				F262F1BA21B2225C00B973C8 /* CommandQueue.swift */,
			);
			path = "model utils";
			sourceTree = "<group>";
		};
		F262F1C621B23B1C00B973C8 /* TickBase test */ = {
			isa = PBXGroup;
			children = (
				F262F1C721B23B3600B973C8 /* TestBaseTest.swift */,
			);
			path = "TickBase test";
			sourceTree = "<group>";
		};
		F2899EEE21CDC732006F3318 /* osx */ = {
			isa = PBXGroup;
			children = (
				F2CC650821CB755C00809FE3 /* NSGameView.swift */,
			);
			path = osx;
			sourceTree = "<group>";
		};
		F2899EEF21CDC74A006F3318 /* spritekit */ = {
			isa = PBXGroup;
			children = (
				F2BAA17D21C0825100503A6D /* NodeScene.swift */,
			);
			path = spritekit;
			sourceTree = "<group>";
		};
		F2899EF021CDD30F006F3318 /* input controller */ = {
			isa = PBXGroup;
			children = (
				F2899EEC21CDB37A006F3318 /* UIImagineController.swift */,
				F2CC650B21CB790D00809FE3 /* UICameraController.swift */,
				F2899EF121CDD337006F3318 /* UINodeModifier.swift */,
				F2899F4221CE0BE3006F3318 /* UIKeyPlug.swift */,
			);
			path = "input controller";
			sourceTree = "<group>";
		};
		F2BD63EA21B0B2D500FBDFD2 = {
			isa = PBXGroup;
			children = (
				F2899EEF21CDC74A006F3318 /* spritekit */,
				F2899EEE21CDC732006F3318 /* osx */,
				F21CB3BE21B8F20B00036785 /* physics */,
				F21CB38521B4782400036785 /* ui */,
				F2BD63F521B0B2D500FBDFD2 /* Model2 */,
				F2BD640E21B0B2D600FBDFD2 /* Model2Tests */,
				F2BD642021B0B35100FBDFD2 /* ModelCommand */,
				F21CB3C421B8F22100036785 /* PhysicsTest */,
				F2BD63F421B0B2D500FBDFD2 /* Products */,
			);
			sourceTree = "<group>";
		};
		F2BD63F421B0B2D500FBDFD2 /* Products */ = {
			isa = PBXGroup;
			children = (
				F2BD63F321B0B2D500FBDFD2 /* Model2.app */,
				F2BD640B21B0B2D600FBDFD2 /* Model2Tests.xctest */,
				F2BD641F21B0B35100FBDFD2 /* ModelCommand */,
				F21CB3C321B8F22100036785 /* PhysicsTest */,
			);
			name = Products;
			sourceTree = "<group>";
		};
		F2BD63F521B0B2D500FBDFD2 /* Model2 */ = {
			isa = PBXGroup;
			children = (
				F2BD643021B0CB4700FBDFD2 /* datatypes */,
				F2BD641A21B0B30B00FBDFD2 /* Model */,
				F2BD63F621B0B2D500FBDFD2 /* AppDelegate.swift */,
				F2BD63F821B0B2D500FBDFD2 /* GameScene.sks */,
				F2BD63FA21B0B2D500FBDFD2 /* Actions.sks */,
				F2BD63FC21B0B2D500FBDFD2 /* GameScene.swift */,
				F2BD63FE21B0B2D500FBDFD2 /* ViewController.swift */,
				F2BD640021B0B2D600FBDFD2 /* Assets.xcassets */,
				F2BD640221B0B2D600FBDFD2 /* Main.storyboard */,
				F2BD640521B0B2D600FBDFD2 /* Info.plist */,
				F2BD640621B0B2D600FBDFD2 /* Model2.entitlements */,
			);
			path = Model2;
			sourceTree = "<group>";
		};
		F2BD640E21B0B2D600FBDFD2 /* Model2Tests */ = {
			isa = PBXGroup;
			children = (
				F2BD640F21B0B2D600FBDFD2 /* Model2Tests.swift */,
				F2BD641121B0B2D600FBDFD2 /* Info.plist */,
			);
			path = Model2Tests;
			sourceTree = "<group>";
		};
		F2BD641A21B0B30B00FBDFD2 /* Model */ = {
			isa = PBXGroup;
			children = (
				F2CC64E221C9AC0F00809FE3 /* controller */,
				F2CC64BB21C4E8EB00809FE3 /* evaluator */,
				F2CC64B421C4E30200809FE3 /* action */,
				F2556A0F21B4808F00E23A39 /* nodes */,
				F2E6C58821B32FBD005C7DEA /* util */,
				F262F1C421B230D900B973C8 /* model utils */,
				F2D6BDA621B2109D00EC3AE5 /* database */,
				F2BD642921B0B43000FBDFD2 /* data */,
				F2BD642621B0B36200FBDFD2 /* Model.swift */,
				F2CC64C521C5F96200809FE3 /* Reaper.swift */,
				F2CC64C821C5F97C00809FE3 /* Clock.swift */,
				F2899EE921CD88CB006F3318 /* ModelImagine.swift */,
			);
			path = Model;
			sourceTree = "<group>";
		};
		F2BD642021B0B35100FBDFD2 /* ModelCommand */ = {
			isa = PBXGroup;
			children = (
				F262F1C621B23B1C00B973C8 /* TickBase test */,
				F2BD642121B0B35100FBDFD2 /* main.swift */,
				F2D6BD9D21B1ECDC00EC3AE5 /* WeakDictionaryTest.swift */,
			);
			path = ModelCommand;
			sourceTree = "<group>";
		};
		F2BD642921B0B43000FBDFD2 /* data */ = {
			isa = PBXGroup;
			children = (
				F262F1B721B21CAD00B973C8 /* ModelSetting.swift */,
			);
			path = data;
			sourceTree = "<group>";
		};
		F2BD643021B0CB4700FBDFD2 /* datatypes */ = {
			isa = PBXGroup;
			children = (
				F2CC64F921CB079000809FE3 /* QuadTree */,
				F2BD643121B0CB5700FBDFD2 /* SetStack.swift */,
				F2BD643421B0CBEB00FBDFD2 /* WeakSet.swift */,
				F2BD643721B0CC7200FBDFD2 /* WeakDictionary.swift */,
				F21CB38821B5116B00036785 /* SinglyLinkedList.swift */,
				F21CB39421B66B7B00036785 /* SLinkedList.swift */,
				F21CB3BA21B87D0200036785 /* LinkedList.swift */,
				F2CC64B121C4E27400809FE3 /* Heap.swift */,
			);
			name = datatypes;
			path = types;
			sourceTree = "<group>";
		};
		F2CC64B421C4E30200809FE3 /* action */ = {
			isa = PBXGroup;
			children = (
				F2CC64B521C4E30B00809FE3 /* Action.swift */,
				F2CC64C221C5F8FC00809FE3 /* ActionCreater.swift */,
				F2CC64CE21C76FA200809FE3 /* ActionDelegate.swift */,
				F2CC64D121C7700600809FE3 /* ShapeNodeActionDelegate.swift */,
				F2CC64D421C7704100809FE3 /* PathNodeActionDelegate.swift */,
			);
			path = action;
			sourceTree = "<group>";
		};
		F2CC64BB21C4E8EB00809FE3 /* evaluator */ = {
			isa = PBXGroup;
			children = (
				F2CC64BC21C4E8F500809FE3 /* ActionEvaluator.swift */,
				F2CC64BF21C5F28A00809FE3 /* PathNodeEvaluator.swift */,
				F2CC64CB21C618F400809FE3 /* ShapeNodeEvaluator.swift */,
			);
			path = evaluator;
			sourceTree = "<group>";
		};
		F2CC64E221C9AC0F00809FE3 /* controller */ = {
			isa = PBXGroup;
			children = (
				F2CC64E721C9AC3200809FE3 /* ShapeNodeController.swift */,
				F2CC64EA21C9DA3100809FE3 /* ControllerSet.swift */,
				F2CC64ED21C9E21100809FE3 /* PathNodeController.swift */,
				F2CC64F621CA15D100809FE3 /* GeometryNodeController.swift */,
				F2899F4921CE1026006F3318 /* ProjectileNodeController.swift */,
			);
			path = controller;
			sourceTree = "<group>";
		};
		F2CC64F921CB079000809FE3 /* QuadTree */ = {
			isa = PBXGroup;
			children = (
				F2CC64FA21CB079000809FE3 /* GQTPointQuadTree.m */,
				F2CC64FB21CB079000809FE3 /* GQTPointQuadTreeItem.h */,
				F2CC64FC21CB079000809FE3 /* GQTPointQuadTreeChild.m */,
				F2CC64FD21CB079000809FE3 /* GQTPoint.h */,
				F2CC64FE21CB079000809FE3 /* GQTPointQuadTree.h */,
				F2CC64FF21CB079000809FE3 /* GQTPointQuadTreeChild.h */,
				F2CC650021CB079000809FE3 /* GQTBounds.h */,
				F2CC650721CB081300809FE3 /* QuadTree-Bridging-Header.h */,
			);
			path = QuadTree;
			sourceTree = "<group>";
		};
		F2CC650A21CB790200809FE3 /* controller */ = {
			isa = PBXGroup;
			children = (
				F2899EF021CDD30F006F3318 /* input controller */,
				F2CC650D21CC1D1D00809FE3 /* UIHandlers.swift */,
				F2CC651121CC7ACC00809FE3 /* UIController.swift */,
				F241DF4421CCB9D90004605E /* UIOverlay.swift */,
			);
			path = controller;
			sourceTree = "<group>";
		};
		F2D6BDA621B2109D00EC3AE5 /* database */ = {
			isa = PBXGroup;
			children = (
				F2D6BDA321B1F62A00EC3AE5 /* NodeTree.swift */,
				F262F1B421B21BDE00B973C8 /* PathnodeBase.swift */,
				F2556A1321B4881800E23A39 /* ShapeNodeBase.swift */,
				F2CC64F021C9EEE200809FE3 /* GeoemtryBase.swift */,
				F2BAA17F21C0830E00503A6D /* DataBase.swift */,
				F2CC64AE21C4E23400809FE3 /* ActionBase.swift */,
				F2899F4C21CE112D006F3318 /* ProjectileBase.swift */,
			);
			path = database;
			sourceTree = "<group>";
		};
		F2E6C58821B32FBD005C7DEA /* util */ = {
			isa = PBXGroup;
			children = (
				F2BD642D21B0B48F00FBDFD2 /* misc.swift */,
				F2D6BDA021B1F45F00EC3AE5 /* Utils.swift */,
				F2E6C58921B33254005C7DEA /* NodeMisc.swift */,
				F2899EE621CD845D006F3318 /* TimeDilator.swift */,
			);
			path = util;
			sourceTree = "<group>";
		};
/* End PBXGroup section */

/* Begin PBXNativeTarget section */
		F21CB3C221B8F22100036785 /* PhysicsTest */ = {
			isa = PBXNativeTarget;
			buildConfigurationList = F21CB3C721B8F22100036785 /* Build configuration list for PBXNativeTarget "PhysicsTest" */;
			buildPhases = (
				F21CB3BF21B8F22100036785 /* Sources */,
				F21CB3C021B8F22100036785 /* Frameworks */,
				F21CB3C121B8F22100036785 /* CopyFiles */,
			);
			buildRules = (
			);
			dependencies = (
			);
			name = PhysicsTest;
			productName = PhysicsTest;
			productReference = F21CB3C321B8F22100036785 /* PhysicsTest */;
			productType = "com.apple.product-type.tool";
		};
		F2BD63F221B0B2D500FBDFD2 /* Model2 */ = {
			isa = PBXNativeTarget;
			buildConfigurationList = F2BD641421B0B2D600FBDFD2 /* Build configuration list for PBXNativeTarget "Model2" */;
			buildPhases = (
				F2BD63EF21B0B2D500FBDFD2 /* Sources */,
				F2BD63F021B0B2D500FBDFD2 /* Frameworks */,
				F2BD63F121B0B2D500FBDFD2 /* Resources */,
			);
			buildRules = (
			);
			dependencies = (
			);
			name = Model2;
			productName = Model2;
			productReference = F2BD63F321B0B2D500FBDFD2 /* Model2.app */;
			productType = "com.apple.product-type.application";
		};
		F2BD640A21B0B2D600FBDFD2 /* Model2Tests */ = {
			isa = PBXNativeTarget;
			buildConfigurationList = F2BD641721B0B2D600FBDFD2 /* Build configuration list for PBXNativeTarget "Model2Tests" */;
			buildPhases = (
				F2BD640721B0B2D600FBDFD2 /* Sources */,
				F2BD640821B0B2D600FBDFD2 /* Frameworks */,
				F2BD640921B0B2D600FBDFD2 /* Resources */,
			);
			buildRules = (
			);
			dependencies = (
				F2BD640D21B0B2D600FBDFD2 /* PBXTargetDependency */,
			);
			name = Model2Tests;
			productName = Model2Tests;
			productReference = F2BD640B21B0B2D600FBDFD2 /* Model2Tests.xctest */;
			productType = "com.apple.product-type.bundle.unit-test";
		};
		F2BD641E21B0B35100FBDFD2 /* ModelCommand */ = {
			isa = PBXNativeTarget;
			buildConfigurationList = F2BD642321B0B35100FBDFD2 /* Build configuration list for PBXNativeTarget "ModelCommand" */;
			buildPhases = (
				F2BD641B21B0B35100FBDFD2 /* Sources */,
				F2BD641C21B0B35100FBDFD2 /* Frameworks */,
				F2BD641D21B0B35100FBDFD2 /* CopyFiles */,
			);
			buildRules = (
			);
			dependencies = (
			);
			name = ModelCommand;
			productName = ModelCommand;
			productReference = F2BD641F21B0B35100FBDFD2 /* ModelCommand */;
			productType = "com.apple.product-type.tool";
		};
/* End PBXNativeTarget section */

/* Begin PBXProject section */
		F2BD63EB21B0B2D500FBDFD2 /* Project object */ = {
			isa = PBXProject;
			attributes = {
				LastSwiftUpdateCheck = 1000;
				LastUpgradeCheck = 1000;
				ORGANIZATIONNAME = "Zackori Cui";
				TargetAttributes = {
					F21CB3C221B8F22100036785 = {
						CreatedOnToolsVersion = 10.0;
					};
					F2BD63F221B0B2D500FBDFD2 = {
						CreatedOnToolsVersion = 10.0;
					};
					F2BD640A21B0B2D600FBDFD2 = {
						CreatedOnToolsVersion = 10.0;
						TestTargetID = F2BD63F221B0B2D500FBDFD2;
					};
					F2BD641E21B0B35100FBDFD2 = {
						CreatedOnToolsVersion = 10.0;
					};
				};
			};
			buildConfigurationList = F2BD63EE21B0B2D500FBDFD2 /* Build configuration list for PBXProject "Model2" */;
			compatibilityVersion = "Xcode 9.3";
			developmentRegion = en;
			hasScannedForEncodings = 0;
			knownRegions = (
				en,
				Base,
			);
			mainGroup = F2BD63EA21B0B2D500FBDFD2;
			productRefGroup = F2BD63F421B0B2D500FBDFD2 /* Products */;
			projectDirPath = "";
			projectRoot = "";
			targets = (
				F2BD63F221B0B2D500FBDFD2 /* Model2 */,
				F2BD640A21B0B2D600FBDFD2 /* Model2Tests */,
				F2BD641E21B0B35100FBDFD2 /* ModelCommand */,
				F21CB3C221B8F22100036785 /* PhysicsTest */,
			);
		};
/* End PBXProject section */

/* Begin PBXResourcesBuildPhase section */
		F2BD63F121B0B2D500FBDFD2 /* Resources */ = {
			isa = PBXResourcesBuildPhase;
			buildActionMask = 2147483647;
			files = (
				F2BD63F921B0B2D500FBDFD2 /* GameScene.sks in Resources */,
				F2BD640121B0B2D600FBDFD2 /* Assets.xcassets in Resources */,
				F2BD63FB21B0B2D500FBDFD2 /* Actions.sks in Resources */,
				F2BD640421B0B2D600FBDFD2 /* Main.storyboard in Resources */,
			);
			runOnlyForDeploymentPostprocessing = 0;
		};
		F2BD640921B0B2D600FBDFD2 /* Resources */ = {
			isa = PBXResourcesBuildPhase;
			buildActionMask = 2147483647;
			files = (
			);
			runOnlyForDeploymentPostprocessing = 0;
		};
/* End PBXResourcesBuildPhase section */

/* Begin PBXSourcesBuildPhase section */
		F21CB3BF21B8F22100036785 /* Sources */ = {
			isa = PBXSourcesBuildPhase;
			buildActionMask = 2147483647;
			files = (
				F21CB3C621B8F22100036785 /* main.swift in Sources */,
				F2CC64E121C8CF5700809FE3 /* MotionGraph.swift in Sources */,
				F2CC650321CB079000809FE3 /* GQTPointQuadTree.m in Sources */,
				F21CB3D521B8F9F500036785 /* Collision.swift in Sources */,
				F2CC64DD21C8CEC200809FE3 /* PhysicsWorld.swift in Sources */,
				F21CB3CD21B8F23100036785 /* Physics.swift in Sources */,
				F2852C1621BA4E6400FCD231 /* Fixture.swift in Sources */,
				F2CC650621CB079000809FE3 /* GQTPointQuadTreeChild.m in Sources */,
			);
			runOnlyForDeploymentPostprocessing = 0;
		};
		F2BD63EF21B0B2D500FBDFD2 /* Sources */ = {
			isa = PBXSourcesBuildPhase;
			buildActionMask = 2147483647;
			files = (
				F2899EE721CD8533006F3318 /* TimeDilator.swift in Sources */,
				F2899F4D21CE112D006F3318 /* ProjectileBase.swift in Sources */,
				F2CC64AF21C4E23400809FE3 /* ActionBase.swift in Sources */,
				F2D6BDA421B1F62A00EC3AE5 /* NodeTree.swift in Sources */,
				F2CC64EB21C9DA3100809FE3 /* ControllerSet.swift in Sources */,
				F2BD63FF21B0B2D500FBDFD2 /* ViewController.swift in Sources */,
				F2CC64D521C7704100809FE3 /* PathNodeActionDelegate.swift in Sources */,
				F2556A1121B480AF00E23A39 /* ShapeNode.swift in Sources */,
				F2CC64CC21C618F400809FE3 /* ShapeNodeEvaluator.swift in Sources */,
				F2899EEA21CD88CB006F3318 /* ModelImagine.swift in Sources */,
				F241DF4521CCB9D90004605E /* UIOverlay.swift in Sources */,
				F2CC64F421C9EEF800809FE3 /* GeometryNode.swift in Sources */,
				F262F1B821B21CAD00B973C8 /* ModelSetting.swift in Sources */,
				F2E6C58A21B33254005C7DEA /* NodeMisc.swift in Sources */,
				F2CC650C21CB790D00809FE3 /* UICameraController.swift in Sources */,
				F2CC651221CC7ACC00809FE3 /* UIController.swift in Sources */,
				F2CC64C921C5F97C00809FE3 /* Clock.swift in Sources */,
				F21CB39521B66B7B00036785 /* SLinkedList.swift in Sources */,
				F2CC64DF21C8CF5700809FE3 /* MotionGraph.swift in Sources */,
				F2BAA18321C0861300503A6D /* NodeSceneViewController.swift in Sources */,
				F2CC650921CB755C00809FE3 /* NSGameView.swift in Sources */,
				F2BD642B21B0B45C00FBDFD2 /* PathNode.swift in Sources */,
				F2BD643821B0CC7200FBDFD2 /* WeakDictionary.swift in Sources */,
				F21CB3D321B8F9F500036785 /* Collision.swift in Sources */,
				F2CC64C621C5F96200809FE3 /* Reaper.swift in Sources */,
				F21CB3BB21B87D0200036785 /* LinkedList.swift in Sources */,
				F262F1BB21B2225C00B973C8 /* CommandQueue.swift in Sources */,
				F2CC64F121C9EEE200809FE3 /* GeoemtryBase.swift in Sources */,
				F2CC64B621C4E30B00809FE3 /* Action.swift in Sources */,
				F2BD63FD21B0B2D500FBDFD2 /* GameScene.swift in Sources */,
				F2CC64EE21C9E21100809FE3 /* PathNodeController.swift in Sources */,
				F2BD642E21B0B48F00FBDFD2 /* misc.swift in Sources */,
				F2899F4A21CE1026006F3318 /* ProjectileNodeController.swift in Sources */,
				F2D6BDA121B1F45F00EC3AE5 /* Utils.swift in Sources */,
				F2852C1421BA4E6400FCD231 /* Fixture.swift in Sources */,
				F2CC64C321C5F8FC00809FE3 /* ActionCreater.swift in Sources */,
				F2CC64C021C5F28A00809FE3 /* PathNodeEvaluator.swift in Sources */,
				F2CC650121CB079000809FE3 /* GQTPointQuadTree.m in Sources */,
				F2BD643521B0CBEB00FBDFD2 /* WeakSet.swift in Sources */,
				F2CC650E21CC1D1D00809FE3 /* UIHandlers.swift in Sources */,
				F2BD643221B0CB5700FBDFD2 /* SetStack.swift in Sources */,
				F21CB3CB21B8F23100036785 /* Physics.swift in Sources */,
				F2CC64D221C7700600809FE3 /* ShapeNodeActionDelegate.swift in Sources */,
				F2BD63F721B0B2D500FBDFD2 /* AppDelegate.swift in Sources */,
				F2BAA18021C0830E00503A6D /* DataBase.swift in Sources */,
				F2CC64CF21C76FA200809FE3 /* ActionDelegate.swift in Sources */,
				F2CC64DB21C8CEC200809FE3 /* PhysicsWorld.swift in Sources */,
				F2CC650421CB079000809FE3 /* GQTPointQuadTreeChild.m in Sources */,
				F2556A1421B4881800E23A39 /* ShapeNodeBase.swift in Sources */,
				F2CC64E821C9AC3200809FE3 /* ShapeNodeController.swift in Sources */,
				F2BD642721B0B36300FBDFD2 /* Model.swift in Sources */,
				F2899EED21CDB37A006F3318 /* UIImagineController.swift in Sources */,
				F2899F4721CE0C58006F3318 /* ProjectileNode.swift in Sources */,
				F241DF4821CCC20D0004605E /* UIOverlayView.swift in Sources */,
				F2CC64F721CA15D100809FE3 /* GeometryNodeController.swift in Sources */,
				F2BAA17E21C0825100503A6D /* NodeScene.swift in Sources */,
				F262F1B521B21BDE00B973C8 /* PathnodeBase.swift in Sources */,
				F2899EF221CDD337006F3318 /* UINodeModifier.swift in Sources */,
				F2899F4321CE0BE3006F3318 /* UIKeyPlug.swift in Sources */,
				F2CC64BD21C4E8F500809FE3 /* ActionEvaluator.swift in Sources */,
				F21CB38921B5116B00036785 /* SinglyLinkedList.swift in Sources */,
				F2CC64B221C4E27400809FE3 /* Heap.swift in Sources */,
			);
			runOnlyForDeploymentPostprocessing = 0;
		};
		F2BD640721B0B2D600FBDFD2 /* Sources */ = {
			isa = PBXSourcesBuildPhase;
			buildActionMask = 2147483647;
			files = (
				F2D6BD9F21B1ED2600EC3AE5 /* WeakDictionary.swift in Sources */,
				F2BD641021B0B2D600FBDFD2 /* Model2Tests.swift in Sources */,
				F2D6BD9E21B1ECDC00EC3AE5 /* WeakDictionaryTest.swift in Sources */,
			);
			runOnlyForDeploymentPostprocessing = 0;
		};
		F2BD641B21B0B35100FBDFD2 /* Sources */ = {
			isa = PBXSourcesBuildPhase;
			buildActionMask = 2147483647;
			files = (
				F2899EE821CD853C006F3318 /* TimeDilator.swift in Sources */,
				F2CC650221CB079000809FE3 /* GQTPointQuadTree.m in Sources */,
				F2CC64C121C5F28A00809FE3 /* PathNodeEvaluator.swift in Sources */,
				F262F1C821B23B3600B973C8 /* TestBaseTest.swift in Sources */,
				F2CC64E921C9AC3200809FE3 /* ShapeNodeController.swift in Sources */,
				F2CC64B721C4E30B00809FE3 /* Action.swift in Sources */,
				F2D6BDA221B1F4E500EC3AE5 /* Utils.swift in Sources */,
				F2CC64D021C76FA200809FE3 /* ActionDelegate.swift in Sources */,
				F2BD643621B0CBEB00FBDFD2 /* WeakSet.swift in Sources */,
				F2BD643921B0CC7200FBDFD2 /* WeakDictionary.swift in Sources */,
				F21CB3D421B8F9F500036785 /* Collision.swift in Sources */,
				F21CB38A21B5116B00036785 /* SinglyLinkedList.swift in Sources */,
				F2556A1221B480AF00E23A39 /* ShapeNode.swift in Sources */,
				F262F1B621B21BDE00B973C8 /* PathnodeBase.swift in Sources */,
				F2BD642C21B0B45C00FBDFD2 /* PathNode.swift in Sources */,
				F2556A1521B4881800E23A39 /* ShapeNodeBase.swift in Sources */,
				F2CC64CA21C5F97C00809FE3 /* Clock.swift in Sources */,
				F2BD643321B0CB5700FBDFD2 /* SetStack.swift in Sources */,
				F2CC64D621C7704100809FE3 /* PathNodeActionDelegate.swift in Sources */,
				F2899F4B21CE1026006F3318 /* ProjectileNodeController.swift in Sources */,
				F2CC650521CB079000809FE3 /* GQTPointQuadTreeChild.m in Sources */,
				F2CC64E021C8CF5700809FE3 /* MotionGraph.swift in Sources */,
				F2E6C58B21B33254005C7DEA /* NodeMisc.swift in Sources */,
				F2CC64C721C5F96200809FE3 /* Reaper.swift in Sources */,
				F2CC64B021C4E23400809FE3 /* ActionBase.swift in Sources */,
				F2CC64F221C9EEE200809FE3 /* GeoemtryBase.swift in Sources */,
				F2BD642F21B0B48F00FBDFD2 /* misc.swift in Sources */,
				F2899F4E21CE112D006F3318 /* ProjectileBase.swift in Sources */,
				F2BAA18121C0830E00503A6D /* DataBase.swift in Sources */,
				F2CC64EF21C9E21100809FE3 /* PathNodeController.swift in Sources */,
				F2BD642821B0B3C700FBDFD2 /* Model.swift in Sources */,
				F2CC64F821CA15D100809FE3 /* GeometryNodeController.swift in Sources */,
				F2CC64C421C5F8FC00809FE3 /* ActionCreater.swift in Sources */,
				F2CC64F521C9EEF800809FE3 /* GeometryNode.swift in Sources */,
				F21CB39621B66B7B00036785 /* SLinkedList.swift in Sources */,
				F2D6BDA521B1F62A00EC3AE5 /* NodeTree.swift in Sources */,
				F2CC64D321C7700600809FE3 /* ShapeNodeActionDelegate.swift in Sources */,
				F2BD642221B0B35100FBDFD2 /* main.swift in Sources */,
				F2CC64EC21C9DA3100809FE3 /* ControllerSet.swift in Sources */,
				F262F1B921B21CAD00B973C8 /* ModelSetting.swift in Sources */,
				F2899F4821CE0C58006F3318 /* ProjectileNode.swift in Sources */,
				F2CC64BE21C4E8F500809FE3 /* ActionEvaluator.swift in Sources */,
				F2899EEB21CD88CB006F3318 /* ModelImagine.swift in Sources */,
				F21CB3BC21B87D0200036785 /* LinkedList.swift in Sources */,
				F2CC64B321C4E27400809FE3 /* Heap.swift in Sources */,
				F262F1BC21B2225C00B973C8 /* CommandQueue.swift in Sources */,
				F2CC64CD21C618F400809FE3 /* ShapeNodeEvaluator.swift in Sources */,
				F2852C1521BA4E6400FCD231 /* Fixture.swift in Sources */,
				F21CB3CC21B8F23100036785 /* Physics.swift in Sources */,
				F2CC64DC21C8CEC200809FE3 /* PhysicsWorld.swift in Sources */,
			);
			runOnlyForDeploymentPostprocessing = 0;
		};
/* End PBXSourcesBuildPhase section */

/* Begin PBXTargetDependency section */
		F2BD640D21B0B2D600FBDFD2 /* PBXTargetDependency */ = {
			isa = PBXTargetDependency;
			target = F2BD63F221B0B2D500FBDFD2 /* Model2 */;
			targetProxy = F2BD640C21B0B2D600FBDFD2 /* PBXContainerItemProxy */;
		};
/* End PBXTargetDependency section */

/* Begin PBXVariantGroup section */
		F2BD640221B0B2D600FBDFD2 /* Main.storyboard */ = {
			isa = PBXVariantGroup;
			children = (
				F2BD640321B0B2D600FBDFD2 /* Base */,
			);
			name = Main.storyboard;
			sourceTree = "<group>";
		};
/* End PBXVariantGroup section */

/* Begin XCBuildConfiguration section */
		F21CB3C821B8F22100036785 /* Debug */ = {
			isa = XCBuildConfiguration;
			buildSettings = {
				CODE_SIGN_STYLE = Automatic;
				DEVELOPMENT_TEAM = 7F7BS4L457;
				PRODUCT_NAME = "$(TARGET_NAME)";
				SWIFT_OBJC_BRIDGING_HEADER = "Model2/types/QuadTree/QuadTree-Bridging-Header.h";
				SWIFT_VERSION = 4.0;
			};
			name = Debug;
		};
		F21CB3C921B8F22100036785 /* Release */ = {
			isa = XCBuildConfiguration;
			buildSettings = {
				CODE_SIGN_STYLE = Automatic;
				DEVELOPMENT_TEAM = 7F7BS4L457;
				PRODUCT_NAME = "$(TARGET_NAME)";
				SWIFT_OBJC_BRIDGING_HEADER = "Model2/types/QuadTree/QuadTree-Bridging-Header.h";
				SWIFT_VERSION = 4.0;
			};
			name = Release;
		};
		F2BD641221B0B2D600FBDFD2 /* Debug */ = {
			isa = XCBuildConfiguration;
			buildSettings = {
				ALWAYS_SEARCH_USER_PATHS = NO;
				CLANG_ANALYZER_NONNULL = YES;
				CLANG_ANALYZER_NUMBER_OBJECT_CONVERSION = YES_AGGRESSIVE;
				CLANG_CXX_LANGUAGE_STANDARD = "gnu++14";
				CLANG_CXX_LIBRARY = "libc++";
				CLANG_ENABLE_MODULES = YES;
				CLANG_ENABLE_OBJC_ARC = YES;
				CLANG_ENABLE_OBJC_WEAK = YES;
				CLANG_WARN_BLOCK_CAPTURE_AUTORELEASING = YES;
				CLANG_WARN_BOOL_CONVERSION = YES;
				CLANG_WARN_COMMA = YES;
				CLANG_WARN_CONSTANT_CONVERSION = YES;
				CLANG_WARN_DEPRECATED_OBJC_IMPLEMENTATIONS = YES;
				CLANG_WARN_DIRECT_OBJC_ISA_USAGE = YES_ERROR;
				CLANG_WARN_DOCUMENTATION_COMMENTS = YES;
				CLANG_WARN_EMPTY_BODY = YES;
				CLANG_WARN_ENUM_CONVERSION = YES;
				CLANG_WARN_INFINITE_RECURSION = YES;
				CLANG_WARN_INT_CONVERSION = YES;
				CLANG_WARN_NON_LITERAL_NULL_CONVERSION = YES;
				CLANG_WARN_OBJC_IMPLICIT_RETAIN_SELF = YES;
				CLANG_WARN_OBJC_LITERAL_CONVERSION = YES;
				CLANG_WARN_OBJC_ROOT_CLASS = YES_ERROR;
				CLANG_WARN_RANGE_LOOP_ANALYSIS = YES;
				CLANG_WARN_STRICT_PROTOTYPES = YES;
				CLANG_WARN_SUSPICIOUS_MOVE = YES;
				CLANG_WARN_UNGUARDED_AVAILABILITY = YES_AGGRESSIVE;
				CLANG_WARN_UNREACHABLE_CODE = YES;
				CLANG_WARN__DUPLICATE_METHOD_MATCH = YES;
				CODE_SIGN_IDENTITY = "Mac Developer";
				COPY_PHASE_STRIP = NO;
				DEBUG_INFORMATION_FORMAT = dwarf;
				ENABLE_STRICT_OBJC_MSGSEND = YES;
				ENABLE_TESTABILITY = YES;
				GCC_C_LANGUAGE_STANDARD = gnu11;
				GCC_DYNAMIC_NO_PIC = NO;
				GCC_NO_COMMON_BLOCKS = YES;
				GCC_OPTIMIZATION_LEVEL = 0;
				GCC_PREPROCESSOR_DEFINITIONS = (
					"DEBUG=1",
					"$(inherited)",
				);
				GCC_WARN_64_TO_32_BIT_CONVERSION = YES;
				GCC_WARN_ABOUT_RETURN_TYPE = YES_ERROR;
				GCC_WARN_UNDECLARED_SELECTOR = YES;
				GCC_WARN_UNINITIALIZED_AUTOS = YES_AGGRESSIVE;
				GCC_WARN_UNUSED_FUNCTION = YES;
				GCC_WARN_UNUSED_VARIABLE = YES;
				MACOSX_DEPLOYMENT_TARGET = 10.13;
				MTL_ENABLE_DEBUG_INFO = INCLUDE_SOURCE;
				MTL_FAST_MATH = YES;
				ONLY_ACTIVE_ARCH = YES;
				SDKROOT = macosx;
				SWIFT_ACTIVE_COMPILATION_CONDITIONS = DEBUG;
				SWIFT_OPTIMIZATION_LEVEL = "-Onone";
			};
			name = Debug;
		};
		F2BD641321B0B2D600FBDFD2 /* Release */ = {
			isa = XCBuildConfiguration;
			buildSettings = {
				ALWAYS_SEARCH_USER_PATHS = NO;
				CLANG_ANALYZER_NONNULL = YES;
				CLANG_ANALYZER_NUMBER_OBJECT_CONVERSION = YES_AGGRESSIVE;
				CLANG_CXX_LANGUAGE_STANDARD = "gnu++14";
				CLANG_CXX_LIBRARY = "libc++";
				CLANG_ENABLE_MODULES = YES;
				CLANG_ENABLE_OBJC_ARC = YES;
				CLANG_ENABLE_OBJC_WEAK = YES;
				CLANG_WARN_BLOCK_CAPTURE_AUTORELEASING = YES;
				CLANG_WARN_BOOL_CONVERSION = YES;
				CLANG_WARN_COMMA = YES;
				CLANG_WARN_CONSTANT_CONVERSION = YES;
				CLANG_WARN_DEPRECATED_OBJC_IMPLEMENTATIONS = YES;
				CLANG_WARN_DIRECT_OBJC_ISA_USAGE = YES_ERROR;
				CLANG_WARN_DOCUMENTATION_COMMENTS = YES;
				CLANG_WARN_EMPTY_BODY = YES;
				CLANG_WARN_ENUM_CONVERSION = YES;
				CLANG_WARN_INFINITE_RECURSION = YES;
				CLANG_WARN_INT_CONVERSION = YES;
				CLANG_WARN_NON_LITERAL_NULL_CONVERSION = YES;
				CLANG_WARN_OBJC_IMPLICIT_RETAIN_SELF = YES;
				CLANG_WARN_OBJC_LITERAL_CONVERSION = YES;
				CLANG_WARN_OBJC_ROOT_CLASS = YES_ERROR;
				CLANG_WARN_RANGE_LOOP_ANALYSIS = YES;
				CLANG_WARN_STRICT_PROTOTYPES = YES;
				CLANG_WARN_SUSPICIOUS_MOVE = YES;
				CLANG_WARN_UNGUARDED_AVAILABILITY = YES_AGGRESSIVE;
				CLANG_WARN_UNREACHABLE_CODE = YES;
				CLANG_WARN__DUPLICATE_METHOD_MATCH = YES;
				CODE_SIGN_IDENTITY = "Mac Developer";
				COPY_PHASE_STRIP = NO;
				DEBUG_INFORMATION_FORMAT = "dwarf-with-dsym";
				ENABLE_NS_ASSERTIONS = NO;
				ENABLE_STRICT_OBJC_MSGSEND = YES;
				GCC_C_LANGUAGE_STANDARD = gnu11;
				GCC_NO_COMMON_BLOCKS = YES;
				GCC_WARN_64_TO_32_BIT_CONVERSION = YES;
				GCC_WARN_ABOUT_RETURN_TYPE = YES_ERROR;
				GCC_WARN_UNDECLARED_SELECTOR = YES;
				GCC_WARN_UNINITIALIZED_AUTOS = YES_AGGRESSIVE;
				GCC_WARN_UNUSED_FUNCTION = YES;
				GCC_WARN_UNUSED_VARIABLE = YES;
				MACOSX_DEPLOYMENT_TARGET = 10.13;
				MTL_ENABLE_DEBUG_INFO = NO;
				MTL_FAST_MATH = YES;
				SDKROOT = macosx;
				SWIFT_COMPILATION_MODE = wholemodule;
				SWIFT_OPTIMIZATION_LEVEL = "-O";
			};
			name = Release;
		};
		F2BD641521B0B2D600FBDFD2 /* Debug */ = {
			isa = XCBuildConfiguration;
			buildSettings = {
				ASSETCATALOG_COMPILER_APPICON_NAME = AppIcon;
				CODE_SIGN_ENTITLEMENTS = Model2/Model2.entitlements;
				CODE_SIGN_STYLE = Automatic;
				COMBINE_HIDPI_IMAGES = YES;
				DEVELOPMENT_TEAM = 7F7BS4L457;
				INFOPLIST_FILE = Model2/Info.plist;
				LD_RUNPATH_SEARCH_PATHS = (
					"$(inherited)",
					"@executable_path/../Frameworks",
				);
				LINK_WITH_STANDARD_LIBRARIES = YES;
				NEW_SETTING = "";
				PRODUCT_BUNDLE_IDENTIFIER = dsf.Model2;
				PRODUCT_NAME = "$(TARGET_NAME)";
				SWIFT_OBJC_BRIDGING_HEADER = "Model2/types/QuadTree/QuadTree-Bridging-Header.h";
				SWIFT_VERSION = 4.2;
			};
			name = Debug;
		};
		F2BD641621B0B2D600FBDFD2 /* Release */ = {
			isa = XCBuildConfiguration;
			buildSettings = {
				ASSETCATALOG_COMPILER_APPICON_NAME = AppIcon;
				CODE_SIGN_ENTITLEMENTS = Model2/Model2.entitlements;
				CODE_SIGN_STYLE = Automatic;
				COMBINE_HIDPI_IMAGES = YES;
				DEVELOPMENT_TEAM = 7F7BS4L457;
				INFOPLIST_FILE = Model2/Info.plist;
				LD_RUNPATH_SEARCH_PATHS = (
					"$(inherited)",
					"@executable_path/../Frameworks",
				);
				LINK_WITH_STANDARD_LIBRARIES = YES;
				NEW_SETTING = "";
				PRODUCT_BUNDLE_IDENTIFIER = dsf.Model2;
				PRODUCT_NAME = "$(TARGET_NAME)";
				SWIFT_OBJC_BRIDGING_HEADER = "Model2/types/QuadTree/QuadTree-Bridging-Header.h";
				SWIFT_VERSION = 4.2;
			};
			name = Release;
		};
		F2BD641821B0B2D600FBDFD2 /* Debug */ = {
			isa = XCBuildConfiguration;
			buildSettings = {
				ALWAYS_EMBED_SWIFT_STANDARD_LIBRARIES = YES;
				BUNDLE_LOADER = "$(TEST_HOST)";
				CODE_SIGN_STYLE = Automatic;
				COMBINE_HIDPI_IMAGES = YES;
				DEVELOPMENT_TEAM = 7F7BS4L457;
				INFOPLIST_FILE = Model2Tests/Info.plist;
				LD_RUNPATH_SEARCH_PATHS = (
					"$(inherited)",
					"@executable_path/../Frameworks",
					"@loader_path/../Frameworks",
				);
				LINK_WITH_STANDARD_LIBRARIES = NO;
				PRODUCT_BUNDLE_IDENTIFIER = dsf.Model2Tests;
				PRODUCT_NAME = "$(TARGET_NAME)";
				SWIFT_OBJC_BRIDGING_HEADER = "Model2/types/QuadTree/QuadTree-Bridging-Header.h";
				SWIFT_VERSION = 4.2;
				TEST_HOST = "$(BUILT_PRODUCTS_DIR)/Model2.app/Contents/MacOS/Model2";
			};
			name = Debug;
		};
		F2BD641921B0B2D600FBDFD2 /* Release */ = {
			isa = XCBuildConfiguration;
			buildSettings = {
				ALWAYS_EMBED_SWIFT_STANDARD_LIBRARIES = YES;
				BUNDLE_LOADER = "$(TEST_HOST)";
				CODE_SIGN_STYLE = Automatic;
				COMBINE_HIDPI_IMAGES = YES;
				DEVELOPMENT_TEAM = 7F7BS4L457;
				INFOPLIST_FILE = Model2Tests/Info.plist;
				LD_RUNPATH_SEARCH_PATHS = (
					"$(inherited)",
					"@executable_path/../Frameworks",
					"@loader_path/../Frameworks",
				);
				LINK_WITH_STANDARD_LIBRARIES = NO;
				PRODUCT_BUNDLE_IDENTIFIER = dsf.Model2Tests;
				PRODUCT_NAME = "$(TARGET_NAME)";
				SWIFT_OBJC_BRIDGING_HEADER = "Model2/types/QuadTree/QuadTree-Bridging-Header.h";
				SWIFT_VERSION = 4.2;
				TEST_HOST = "$(BUILT_PRODUCTS_DIR)/Model2.app/Contents/MacOS/Model2";
			};
			name = Release;
		};
		F2BD642421B0B35100FBDFD2 /* Debug */ = {
			isa = XCBuildConfiguration;
			buildSettings = {
				CODE_SIGN_STYLE = Automatic;
				DEVELOPMENT_TEAM = 7F7BS4L457;
				LINK_WITH_STANDARD_LIBRARIES = YES;
				PRODUCT_NAME = "$(TARGET_NAME)";
				SWIFT_OBJC_BRIDGING_HEADER = "Model2/types/QuadTree/QuadTree-Bridging-Header.h";
				SWIFT_VERSION = 4.0;
			};
			name = Debug;
		};
		F2BD642521B0B35100FBDFD2 /* Release */ = {
			isa = XCBuildConfiguration;
			buildSettings = {
				CODE_SIGN_STYLE = Automatic;
				DEVELOPMENT_TEAM = 7F7BS4L457;
				LINK_WITH_STANDARD_LIBRARIES = YES;
				PRODUCT_NAME = "$(TARGET_NAME)";
				SWIFT_OBJC_BRIDGING_HEADER = "Model2/types/QuadTree/QuadTree-Bridging-Header.h";
				SWIFT_VERSION = 4.0;
			};
			name = Release;
		};
/* End XCBuildConfiguration section */

/* Begin XCConfigurationList section */
		F21CB3C721B8F22100036785 /* Build configuration list for PBXNativeTarget "PhysicsTest" */ = {
			isa = XCConfigurationList;
			buildConfigurations = (
				F21CB3C821B8F22100036785 /* Debug */,
				F21CB3C921B8F22100036785 /* Release */,
			);
			defaultConfigurationIsVisible = 0;
			defaultConfigurationName = Release;
		};
		F2BD63EE21B0B2D500FBDFD2 /* Build configuration list for PBXProject "Model2" */ = {
			isa = XCConfigurationList;
			buildConfigurations = (
				F2BD641221B0B2D600FBDFD2 /* Debug */,
				F2BD641321B0B2D600FBDFD2 /* Release */,
			);
			defaultConfigurationIsVisible = 0;
			defaultConfigurationName = Release;
		};
		F2BD641421B0B2D600FBDFD2 /* Build configuration list for PBXNativeTarget "Model2" */ = {
			isa = XCConfigurationList;
			buildConfigurations = (
				F2BD641521B0B2D600FBDFD2 /* Debug */,
				F2BD641621B0B2D600FBDFD2 /* Release */,
			);
			defaultConfigurationIsVisible = 0;
			defaultConfigurationName = Release;
		};
		F2BD641721B0B2D600FBDFD2 /* Build configuration list for PBXNativeTarget "Model2Tests" */ = {
			isa = XCConfigurationList;
			buildConfigurations = (
				F2BD641821B0B2D600FBDFD2 /* Debug */,
				F2BD641921B0B2D600FBDFD2 /* Release */,
			);
			defaultConfigurationIsVisible = 0;
			defaultConfigurationName = Release;
		};
		F2BD642321B0B35100FBDFD2 /* Build configuration list for PBXNativeTarget "ModelCommand" */ = {
			isa = XCConfigurationList;
			buildConfigurations = (
				F2BD642421B0B35100FBDFD2 /* Debug */,
				F2BD642521B0B35100FBDFD2 /* Release */,
			);
			defaultConfigurationIsVisible = 0;
			defaultConfigurationName = Release;
		};
/* End XCConfigurationList section */
	};
	rootObject = F2BD63EB21B0B2D500FBDFD2 /* Project object */;
}
