// !$*UTF8*$!
{
	archiveVersion = 1;
	classes = {
	};
	objectVersion = 50;
	objects = {

/* Begin PBXBuildFile section */
		F2BD63F721B0B2D500FBDFD2 /* AppDelegate.swift in Sources */ = {isa = PBXBuildFile; fileRef = F2BD63F621B0B2D500FBDFD2 /* AppDelegate.swift */; };
		F2BD63F921B0B2D500FBDFD2 /* GameScene.sks in Resources */ = {isa = PBXBuildFile; fileRef = F2BD63F821B0B2D500FBDFD2 /* GameScene.sks */; };
		F2BD63FB21B0B2D500FBDFD2 /* Actions.sks in Resources */ = {isa = PBXBuildFile; fileRef = F2BD63FA21B0B2D500FBDFD2 /* Actions.sks */; };
		F2BD63FD21B0B2D500FBDFD2 /* GameScene.swift in Sources */ = {isa = PBXBuildFile; fileRef = F2BD63FC21B0B2D500FBDFD2 /* GameScene.swift */; };
		F2BD63FF21B0B2D500FBDFD2 /* ViewController.swift in Sources */ = {isa = PBXBuildFile; fileRef = F2BD63FE21B0B2D500FBDFD2 /* ViewController.swift */; };
		F2BD640121B0B2D600FBDFD2 /* Assets.xcassets in Resources */ = {isa = PBXBuildFile; fileRef = F2BD640021B0B2D600FBDFD2 /* Assets.xcassets */; };
		F2BD640421B0B2D600FBDFD2 /* Main.storyboard in Resources */ = {isa = PBXBuildFile; fileRef = F2BD640221B0B2D600FBDFD2 /* Main.storyboard */; };
		F2BD641021B0B2D600FBDFD2 /* Model2Tests.swift in Sources */ = {isa = PBXBuildFile; fileRef = F2BD640F21B0B2D600FBDFD2 /* Model2Tests.swift */; };
		F2BD642221B0B35100FBDFD2 /* main.swift in Sources */ = {isa = PBXBuildFile; fileRef = F2BD642121B0B35100FBDFD2 /* main.swift */; };
		F2BD642721B0B36300FBDFD2 /* Model.swift in Sources */ = {isa = PBXBuildFile; fileRef = F2BD642621B0B36200FBDFD2 /* Model.swift */; };
		F2BD642821B0B3C700FBDFD2 /* Model.swift in Sources */ = {isa = PBXBuildFile; fileRef = F2BD642621B0B36200FBDFD2 /* Model.swift */; };
		F2BD642B21B0B45C00FBDFD2 /* Node.swift in Sources */ = {isa = PBXBuildFile; fileRef = F2BD642A21B0B45C00FBDFD2 /* Node.swift */; };
		F2BD642C21B0B45C00FBDFD2 /* Node.swift in Sources */ = {isa = PBXBuildFile; fileRef = F2BD642A21B0B45C00FBDFD2 /* Node.swift */; };
		F2BD642E21B0B48F00FBDFD2 /* misc.swift in Sources */ = {isa = PBXBuildFile; fileRef = F2BD642D21B0B48F00FBDFD2 /* misc.swift */; };
		F2BD642F21B0B48F00FBDFD2 /* misc.swift in Sources */ = {isa = PBXBuildFile; fileRef = F2BD642D21B0B48F00FBDFD2 /* misc.swift */; };
		F2BD643221B0CB5700FBDFD2 /* SetStack.swift in Sources */ = {isa = PBXBuildFile; fileRef = F2BD643121B0CB5700FBDFD2 /* SetStack.swift */; };
		F2BD643321B0CB5700FBDFD2 /* SetStack.swift in Sources */ = {isa = PBXBuildFile; fileRef = F2BD643121B0CB5700FBDFD2 /* SetStack.swift */; };
		F2BD643521B0CBEB00FBDFD2 /* WeakSet.swift in Sources */ = {isa = PBXBuildFile; fileRef = F2BD643421B0CBEB00FBDFD2 /* WeakSet.swift */; };
		F2BD643621B0CBEB00FBDFD2 /* WeakSet.swift in Sources */ = {isa = PBXBuildFile; fileRef = F2BD643421B0CBEB00FBDFD2 /* WeakSet.swift */; };
		F2BD643821B0CC7200FBDFD2 /* WeakDictionary.swift in Sources */ = {isa = PBXBuildFile; fileRef = F2BD643721B0CC7200FBDFD2 /* WeakDictionary.swift */; };
		F2BD643921B0CC7200FBDFD2 /* WeakDictionary.swift in Sources */ = {isa = PBXBuildFile; fileRef = F2BD643721B0CC7200FBDFD2 /* WeakDictionary.swift */; };
/* End PBXBuildFile section */

/* Begin PBXContainerItemProxy section */
		F2BD640C21B0B2D600FBDFD2 /* PBXContainerItemProxy */ = {
			isa = PBXContainerItemProxy;
			containerPortal = F2BD63EB21B0B2D500FBDFD2 /* Project object */;
			proxyType = 1;
			remoteGlobalIDString = F2BD63F221B0B2D500FBDFD2;
			remoteInfo = Model2;
		};
/* End PBXContainerItemProxy section */

/* Begin PBXCopyFilesBuildPhase section */
		F2BD641D21B0B35100FBDFD2 /* CopyFiles */ = {
			isa = PBXCopyFilesBuildPhase;
			buildActionMask = 2147483647;
			dstPath = /usr/share/man/man1/;
			dstSubfolderSpec = 0;
			files = (
			);
			runOnlyForDeploymentPostprocessing = 1;
		};
/* End PBXCopyFilesBuildPhase section */

/* Begin PBXFileReference section */
		F2BD63F321B0B2D500FBDFD2 /* Model2.app */ = {isa = PBXFileReference; explicitFileType = wrapper.application; includeInIndex = 0; path = Model2.app; sourceTree = BUILT_PRODUCTS_DIR; };
		F2BD63F621B0B2D500FBDFD2 /* AppDelegate.swift */ = {isa = PBXFileReference; lastKnownFileType = sourcecode.swift; path = AppDelegate.swift; sourceTree = "<group>"; };
		F2BD63F821B0B2D500FBDFD2 /* GameScene.sks */ = {isa = PBXFileReference; lastKnownFileType = file.sks; path = GameScene.sks; sourceTree = "<group>"; };
		F2BD63FA21B0B2D500FBDFD2 /* Actions.sks */ = {isa = PBXFileReference; lastKnownFileType = file.sks; path = Actions.sks; sourceTree = "<group>"; };
		F2BD63FC21B0B2D500FBDFD2 /* GameScene.swift */ = {isa = PBXFileReference; lastKnownFileType = sourcecode.swift; path = GameScene.swift; sourceTree = "<group>"; };
		F2BD63FE21B0B2D500FBDFD2 /* ViewController.swift */ = {isa = PBXFileReference; lastKnownFileType = sourcecode.swift; path = ViewController.swift; sourceTree = "<group>"; };
		F2BD640021B0B2D600FBDFD2 /* Assets.xcassets */ = {isa = PBXFileReference; lastKnownFileType = folder.assetcatalog; path = Assets.xcassets; sourceTree = "<group>"; };
		F2BD640321B0B2D600FBDFD2 /* Base */ = {isa = PBXFileReference; lastKnownFileType = file.storyboard; name = Base; path = Base.lproj/Main.storyboard; sourceTree = "<group>"; };
		F2BD640521B0B2D600FBDFD2 /* Info.plist */ = {isa = PBXFileReference; lastKnownFileType = text.plist.xml; path = Info.plist; sourceTree = "<group>"; };
		F2BD640621B0B2D600FBDFD2 /* Model2.entitlements */ = {isa = PBXFileReference; lastKnownFileType = text.plist.entitlements; path = Model2.entitlements; sourceTree = "<group>"; };
		F2BD640B21B0B2D600FBDFD2 /* Model2Tests.xctest */ = {isa = PBXFileReference; explicitFileType = wrapper.cfbundle; includeInIndex = 0; path = Model2Tests.xctest; sourceTree = BUILT_PRODUCTS_DIR; };
		F2BD640F21B0B2D600FBDFD2 /* Model2Tests.swift */ = {isa = PBXFileReference; lastKnownFileType = sourcecode.swift; path = Model2Tests.swift; sourceTree = "<group>"; };
		F2BD641121B0B2D600FBDFD2 /* Info.plist */ = {isa = PBXFileReference; lastKnownFileType = text.plist.xml; path = Info.plist; sourceTree = "<group>"; };
		F2BD641F21B0B35100FBDFD2 /* ModelCommand */ = {isa = PBXFileReference; explicitFileType = "compiled.mach-o.executable"; includeInIndex = 0; path = ModelCommand; sourceTree = BUILT_PRODUCTS_DIR; };
		F2BD642121B0B35100FBDFD2 /* main.swift */ = {isa = PBXFileReference; lastKnownFileType = sourcecode.swift; path = main.swift; sourceTree = "<group>"; };
		F2BD642621B0B36200FBDFD2 /* Model.swift */ = {isa = PBXFileReference; lastKnownFileType = sourcecode.swift; path = Model.swift; sourceTree = "<group>"; };
		F2BD642A21B0B45C00FBDFD2 /* Node.swift */ = {isa = PBXFileReference; lastKnownFileType = sourcecode.swift; path = Node.swift; sourceTree = "<group>"; };
		F2BD642D21B0B48F00FBDFD2 /* misc.swift */ = {isa = PBXFileReference; lastKnownFileType = sourcecode.swift; path = misc.swift; sourceTree = "<group>"; };
		F2BD643121B0CB5700FBDFD2 /* SetStack.swift */ = {isa = PBXFileReference; lastKnownFileType = sourcecode.swift; path = SetStack.swift; sourceTree = "<group>"; };
		F2BD643421B0CBEB00FBDFD2 /* WeakSet.swift */ = {isa = PBXFileReference; lastKnownFileType = sourcecode.swift; path = WeakSet.swift; sourceTree = "<group>"; };
		F2BD643721B0CC7200FBDFD2 /* WeakDictionary.swift */ = {isa = PBXFileReference; lastKnownFileType = sourcecode.swift; path = WeakDictionary.swift; sourceTree = "<group>"; };
/* End PBXFileReference section */

/* Begin PBXFrameworksBuildPhase section */
		F2BD63F021B0B2D500FBDFD2 /* Frameworks */ = {
			isa = PBXFrameworksBuildPhase;
			buildActionMask = 2147483647;
			files = (
			);
			runOnlyForDeploymentPostprocessing = 0;
		};
		F2BD640821B0B2D600FBDFD2 /* Frameworks */ = {
			isa = PBXFrameworksBuildPhase;
			buildActionMask = 2147483647;
			files = (
			);
			runOnlyForDeploymentPostprocessing = 0;
		};
		F2BD641C21B0B35100FBDFD2 /* Frameworks */ = {
			isa = PBXFrameworksBuildPhase;
			buildActionMask = 2147483647;
			files = (
			);
			runOnlyForDeploymentPostprocessing = 0;
		};
/* End PBXFrameworksBuildPhase section */

/* Begin PBXGroup section */
		F2BD63EA21B0B2D500FBDFD2 = {
			isa = PBXGroup;
			children = (
				F2BD63F521B0B2D500FBDFD2 /* Model2 */,
				F2BD640E21B0B2D600FBDFD2 /* Model2Tests */,
				F2BD642021B0B35100FBDFD2 /* ModelCommand */,
				F2BD63F421B0B2D500FBDFD2 /* Products */,
			);
			sourceTree = "<group>";
		};
		F2BD63F421B0B2D500FBDFD2 /* Products */ = {
			isa = PBXGroup;
			children = (
				F2BD63F321B0B2D500FBDFD2 /* Model2.app */,
				F2BD640B21B0B2D600FBDFD2 /* Model2Tests.xctest */,
				F2BD641F21B0B35100FBDFD2 /* ModelCommand */,
			);
			name = Products;
			sourceTree = "<group>";
		};
		F2BD63F521B0B2D500FBDFD2 /* Model2 */ = {
			isa = PBXGroup;
			children = (
				F2BD641A21B0B30B00FBDFD2 /* Model */,
				F2BD63F621B0B2D500FBDFD2 /* AppDelegate.swift */,
				F2BD63F821B0B2D500FBDFD2 /* GameScene.sks */,
				F2BD63FA21B0B2D500FBDFD2 /* Actions.sks */,
				F2BD63FC21B0B2D500FBDFD2 /* GameScene.swift */,
				F2BD63FE21B0B2D500FBDFD2 /* ViewController.swift */,
				F2BD640021B0B2D600FBDFD2 /* Assets.xcassets */,
				F2BD640221B0B2D600FBDFD2 /* Main.storyboard */,
				F2BD640521B0B2D600FBDFD2 /* Info.plist */,
				F2BD640621B0B2D600FBDFD2 /* Model2.entitlements */,
			);
			path = Model2;
			sourceTree = "<group>";
		};
		F2BD640E21B0B2D600FBDFD2 /* Model2Tests */ = {
			isa = PBXGroup;
			children = (
				F2BD640F21B0B2D600FBDFD2 /* Model2Tests.swift */,
				F2BD641121B0B2D600FBDFD2 /* Info.plist */,
			);
			path = Model2Tests;
			sourceTree = "<group>";
		};
		F2BD641A21B0B30B00FBDFD2 /* Model */ = {
			isa = PBXGroup;
			children = (
				F2BD643021B0CB4700FBDFD2 /* types */,
				F2BD642921B0B43000FBDFD2 /* data */,
				F2BD642621B0B36200FBDFD2 /* Model.swift */,
				F2BD642D21B0B48F00FBDFD2 /* misc.swift */,
			);
			path = Model;
			sourceTree = "<group>";
		};
		F2BD642021B0B35100FBDFD2 /* ModelCommand */ = {
			isa = PBXGroup;
			children = (
				F2BD642121B0B35100FBDFD2 /* main.swift */,
			);
			path = ModelCommand;
			sourceTree = "<group>";
		};
		F2BD642921B0B43000FBDFD2 /* data */ = {
			isa = PBXGroup;
			children = (
				F2BD642A21B0B45C00FBDFD2 /* Node.swift */,
			);
			path = data;
			sourceTree = "<group>";
		};
		F2BD643021B0CB4700FBDFD2 /* types */ = {
			isa = PBXGroup;
			children = (
				F2BD643121B0CB5700FBDFD2 /* SetStack.swift */,
				F2BD643421B0CBEB00FBDFD2 /* WeakSet.swift */,
				F2BD643721B0CC7200FBDFD2 /* WeakDictionary.swift */,
			);
			path = types;
			sourceTree = "<group>";
		};
/* End PBXGroup section */

/* Begin PBXNativeTarget section */
		F2BD63F221B0B2D500FBDFD2 /* Model2 */ = {
			isa = PBXNativeTarget;
			buildConfigurationList = F2BD641421B0B2D600FBDFD2 /* Build configuration list for PBXNativeTarget "Model2" */;
			buildPhases = (
				F2BD63EF21B0B2D500FBDFD2 /* Sources */,
				F2BD63F021B0B2D500FBDFD2 /* Frameworks */,
				F2BD63F121B0B2D500FBDFD2 /* Resources */,
			);
			buildRules = (
			);
			dependencies = (
			);
			name = Model2;
			productName = Model2;
			productReference = F2BD63F321B0B2D500FBDFD2 /* Model2.app */;
			productType = "com.apple.product-type.application";
		};
		F2BD640A21B0B2D600FBDFD2 /* Model2Tests */ = {
			isa = PBXNativeTarget;
			buildConfigurationList = F2BD641721B0B2D600FBDFD2 /* Build configuration list for PBXNativeTarget "Model2Tests" */;
			buildPhases = (
				F2BD640721B0B2D600FBDFD2 /* Sources */,
				F2BD640821B0B2D600FBDFD2 /* Frameworks */,
				F2BD640921B0B2D600FBDFD2 /* Resources */,
			);
			buildRules = (
			);
			dependencies = (
				F2BD640D21B0B2D600FBDFD2 /* PBXTargetDependency */,
			);
			name = Model2Tests;
			productName = Model2Tests;
			productReference = F2BD640B21B0B2D600FBDFD2 /* Model2Tests.xctest */;
			productType = "com.apple.product-type.bundle.unit-test";
		};
		F2BD641E21B0B35100FBDFD2 /* ModelCommand */ = {
			isa = PBXNativeTarget;
			buildConfigurationList = F2BD642321B0B35100FBDFD2 /* Build configuration list for PBXNativeTarget "ModelCommand" */;
			buildPhases = (
				F2BD641B21B0B35100FBDFD2 /* Sources */,
				F2BD641C21B0B35100FBDFD2 /* Frameworks */,
				F2BD641D21B0B35100FBDFD2 /* CopyFiles */,
			);
			buildRules = (
			);
			dependencies = (
			);
			name = ModelCommand;
			productName = ModelCommand;
			productReference = F2BD641F21B0B35100FBDFD2 /* ModelCommand */;
			productType = "com.apple.product-type.tool";
		};
/* End PBXNativeTarget section */

/* Begin PBXProject section */
		F2BD63EB21B0B2D500FBDFD2 /* Project object */ = {
			isa = PBXProject;
			attributes = {
				LastSwiftUpdateCheck = 1000;
				LastUpgradeCheck = 1000;
				ORGANIZATIONNAME = "Zackori Cui";
				TargetAttributes = {
					F2BD63F221B0B2D500FBDFD2 = {
						CreatedOnToolsVersion = 10.0;
					};
					F2BD640A21B0B2D600FBDFD2 = {
						CreatedOnToolsVersion = 10.0;
						TestTargetID = F2BD63F221B0B2D500FBDFD2;
					};
					F2BD641E21B0B35100FBDFD2 = {
						CreatedOnToolsVersion = 10.0;
					};
				};
			};
			buildConfigurationList = F2BD63EE21B0B2D500FBDFD2 /* Build configuration list for PBXProject "Model2" */;
			compatibilityVersion = "Xcode 9.3";
			developmentRegion = en;
			hasScannedForEncodings = 0;
			knownRegions = (
				en,
				Base,
			);
			mainGroup = F2BD63EA21B0B2D500FBDFD2;
			productRefGroup = F2BD63F421B0B2D500FBDFD2 /* Products */;
			projectDirPath = "";
			projectRoot = "";
			targets = (
				F2BD63F221B0B2D500FBDFD2 /* Model2 */,
				F2BD640A21B0B2D600FBDFD2 /* Model2Tests */,
				F2BD641E21B0B35100FBDFD2 /* ModelCommand */,
			);
		};
/* End PBXProject section */

/* Begin PBXResourcesBuildPhase section */
		F2BD63F121B0B2D500FBDFD2 /* Resources */ = {
			isa = PBXResourcesBuildPhase;
			buildActionMask = 2147483647;
			files = (
				F2BD63F921B0B2D500FBDFD2 /* GameScene.sks in Resources */,
				F2BD640121B0B2D600FBDFD2 /* Assets.xcassets in Resources */,
				F2BD63FB21B0B2D500FBDFD2 /* Actions.sks in Resources */,
				F2BD640421B0B2D600FBDFD2 /* Main.storyboard in Resources */,
			);
			runOnlyForDeploymentPostprocessing = 0;
		};
		F2BD640921B0B2D600FBDFD2 /* Resources */ = {
			isa = PBXResourcesBuildPhase;
			buildActionMask = 2147483647;
			files = (
			);
			runOnlyForDeploymentPostprocessing = 0;
		};
/* End PBXResourcesBuildPhase section */

/* Begin PBXSourcesBuildPhase section */
		F2BD63EF21B0B2D500FBDFD2 /* Sources */ = {
			isa = PBXSourcesBuildPhase;
			buildActionMask = 2147483647;
			files = (
				F2BD63FF21B0B2D500FBDFD2 /* ViewController.swift in Sources */,
				F2BD642B21B0B45C00FBDFD2 /* Node.swift in Sources */,
				F2BD643821B0CC7200FBDFD2 /* WeakDictionary.swift in Sources */,
				F2BD63FD21B0B2D500FBDFD2 /* GameScene.swift in Sources */,
				F2BD642E21B0B48F00FBDFD2 /* misc.swift in Sources */,
				F2BD643521B0CBEB00FBDFD2 /* WeakSet.swift in Sources */,
				F2BD643221B0CB5700FBDFD2 /* SetStack.swift in Sources */,
				F2BD63F721B0B2D500FBDFD2 /* AppDelegate.swift in Sources */,
				F2BD642721B0B36300FBDFD2 /* Model.swift in Sources */,
			);
			runOnlyForDeploymentPostprocessing = 0;
		};
		F2BD640721B0B2D600FBDFD2 /* Sources */ = {
			isa = PBXSourcesBuildPhase;
			buildActionMask = 2147483647;
			files = (
				F2BD641021B0B2D600FBDFD2 /* Model2Tests.swift in Sources */,
			);
			runOnlyForDeploymentPostprocessing = 0;
		};
		F2BD641B21B0B35100FBDFD2 /* Sources */ = {
			isa = PBXSourcesBuildPhase;
			buildActionMask = 2147483647;
			files = (
				F2BD643621B0CBEB00FBDFD2 /* WeakSet.swift in Sources */,
				F2BD643921B0CC7200FBDFD2 /* WeakDictionary.swift in Sources */,
				F2BD642C21B0B45C00FBDFD2 /* Node.swift in Sources */,
				F2BD643321B0CB5700FBDFD2 /* SetStack.swift in Sources */,
				F2BD642F21B0B48F00FBDFD2 /* misc.swift in Sources */,
				F2BD642821B0B3C700FBDFD2 /* Model.swift in Sources */,
				F2BD642221B0B35100FBDFD2 /* main.swift in Sources */,
			);
			runOnlyForDeploymentPostprocessing = 0;
		};
/* End PBXSourcesBuildPhase section */

/* Begin PBXTargetDependency section */
		F2BD640D21B0B2D600FBDFD2 /* PBXTargetDependency */ = {
			isa = PBXTargetDependency;
			target = F2BD63F221B0B2D500FBDFD2 /* Model2 */;
			targetProxy = F2BD640C21B0B2D600FBDFD2 /* PBXContainerItemProxy */;
		};
/* End PBXTargetDependency section */

/* Begin PBXVariantGroup section */
		F2BD640221B0B2D600FBDFD2 /* Main.storyboard */ = {
			isa = PBXVariantGroup;
			children = (
				F2BD640321B0B2D600FBDFD2 /* Base */,
			);
			name = Main.storyboard;
			sourceTree = "<group>";
		};
/* End PBXVariantGroup section */

/* Begin XCBuildConfiguration section */
		F2BD641221B0B2D600FBDFD2 /* Debug */ = {
			isa = XCBuildConfiguration;
			buildSettings = {
				ALWAYS_SEARCH_USER_PATHS = NO;
				CLANG_ANALYZER_NONNULL = YES;
				CLANG_ANALYZER_NUMBER_OBJECT_CONVERSION = YES_AGGRESSIVE;
				CLANG_CXX_LANGUAGE_STANDARD = "gnu++14";
				CLANG_CXX_LIBRARY = "libc++";
				CLANG_ENABLE_MODULES = YES;
				CLANG_ENABLE_OBJC_ARC = YES;
				CLANG_ENABLE_OBJC_WEAK = YES;
				CLANG_WARN_BLOCK_CAPTURE_AUTORELEASING = YES;
				CLANG_WARN_BOOL_CONVERSION = YES;
				CLANG_WARN_COMMA = YES;
				CLANG_WARN_CONSTANT_CONVERSION = YES;
				CLANG_WARN_DEPRECATED_OBJC_IMPLEMENTATIONS = YES;
				CLANG_WARN_DIRECT_OBJC_ISA_USAGE = YES_ERROR;
				CLANG_WARN_DOCUMENTATION_COMMENTS = YES;
				CLANG_WARN_EMPTY_BODY = YES;
				CLANG_WARN_ENUM_CONVERSION = YES;
				CLANG_WARN_INFINITE_RECURSION = YES;
				CLANG_WARN_INT_CONVERSION = YES;
				CLANG_WARN_NON_LITERAL_NULL_CONVERSION = YES;
				CLANG_WARN_OBJC_IMPLICIT_RETAIN_SELF = YES;
				CLANG_WARN_OBJC_LITERAL_CONVERSION = YES;
				CLANG_WARN_OBJC_ROOT_CLASS = YES_ERROR;
				CLANG_WARN_RANGE_LOOP_ANALYSIS = YES;
				CLANG_WARN_STRICT_PROTOTYPES = YES;
				CLANG_WARN_SUSPICIOUS_MOVE = YES;
				CLANG_WARN_UNGUARDED_AVAILABILITY = YES_AGGRESSIVE;
				CLANG_WARN_UNREACHABLE_CODE = YES;
				CLANG_WARN__DUPLICATE_METHOD_MATCH = YES;
				CODE_SIGN_IDENTITY = "Mac Developer";
				COPY_PHASE_STRIP = NO;
				DEBUG_INFORMATION_FORMAT = dwarf;
				ENABLE_STRICT_OBJC_MSGSEND = YES;
				ENABLE_TESTABILITY = YES;
				GCC_C_LANGUAGE_STANDARD = gnu11;
				GCC_DYNAMIC_NO_PIC = NO;
				GCC_NO_COMMON_BLOCKS = YES;
				GCC_OPTIMIZATION_LEVEL = 0;
				GCC_PREPROCESSOR_DEFINITIONS = (
					"DEBUG=1",
					"$(inherited)",
				);
				GCC_WARN_64_TO_32_BIT_CONVERSION = YES;
				GCC_WARN_ABOUT_RETURN_TYPE = YES_ERROR;
				GCC_WARN_UNDECLARED_SELECTOR = YES;
				GCC_WARN_UNINITIALIZED_AUTOS = YES_AGGRESSIVE;
				GCC_WARN_UNUSED_FUNCTION = YES;
				GCC_WARN_UNUSED_VARIABLE = YES;
				MACOSX_DEPLOYMENT_TARGET = 10.13;
				MTL_ENABLE_DEBUG_INFO = INCLUDE_SOURCE;
				MTL_FAST_MATH = YES;
				ONLY_ACTIVE_ARCH = YES;
				SDKROOT = macosx;
				SWIFT_ACTIVE_COMPILATION_CONDITIONS = DEBUG;
				SWIFT_OPTIMIZATION_LEVEL = "-Onone";
			};
			name = Debug;
		};
		F2BD641321B0B2D600FBDFD2 /* Release */ = {
			isa = XCBuildConfiguration;
			buildSettings = {
				ALWAYS_SEARCH_USER_PATHS = NO;
				CLANG_ANALYZER_NONNULL = YES;
				CLANG_ANALYZER_NUMBER_OBJECT_CONVERSION = YES_AGGRESSIVE;
				CLANG_CXX_LANGUAGE_STANDARD = "gnu++14";
				CLANG_CXX_LIBRARY = "libc++";
				CLANG_ENABLE_MODULES = YES;
				CLANG_ENABLE_OBJC_ARC = YES;
				CLANG_ENABLE_OBJC_WEAK = YES;
				CLANG_WARN_BLOCK_CAPTURE_AUTORELEASING = YES;
				CLANG_WARN_BOOL_CONVERSION = YES;
				CLANG_WARN_COMMA = YES;
				CLANG_WARN_CONSTANT_CONVERSION = YES;
				CLANG_WARN_DEPRECATED_OBJC_IMPLEMENTATIONS = YES;
				CLANG_WARN_DIRECT_OBJC_ISA_USAGE = YES_ERROR;
				CLANG_WARN_DOCUMENTATION_COMMENTS = YES;
				CLANG_WARN_EMPTY_BODY = YES;
				CLANG_WARN_ENUM_CONVERSION = YES;
				CLANG_WARN_INFINITE_RECURSION = YES;
				CLANG_WARN_INT_CONVERSION = YES;
				CLANG_WARN_NON_LITERAL_NULL_CONVERSION = YES;
				CLANG_WARN_OBJC_IMPLICIT_RETAIN_SELF = YES;
				CLANG_WARN_OBJC_LITERAL_CONVERSION = YES;
				CLANG_WARN_OBJC_ROOT_CLASS = YES_ERROR;
				CLANG_WARN_RANGE_LOOP_ANALYSIS = YES;
				CLANG_WARN_STRICT_PROTOTYPES = YES;
				CLANG_WARN_SUSPICIOUS_MOVE = YES;
				CLANG_WARN_UNGUARDED_AVAILABILITY = YES_AGGRESSIVE;
				CLANG_WARN_UNREACHABLE_CODE = YES;
				CLANG_WARN__DUPLICATE_METHOD_MATCH = YES;
				CODE_SIGN_IDENTITY = "Mac Developer";
				COPY_PHASE_STRIP = NO;
				DEBUG_INFORMATION_FORMAT = "dwarf-with-dsym";
				ENABLE_NS_ASSERTIONS = NO;
				ENABLE_STRICT_OBJC_MSGSEND = YES;
				GCC_C_LANGUAGE_STANDARD = gnu11;
				GCC_NO_COMMON_BLOCKS = YES;
				GCC_WARN_64_TO_32_BIT_CONVERSION = YES;
				GCC_WARN_ABOUT_RETURN_TYPE = YES_ERROR;
				GCC_WARN_UNDECLARED_SELECTOR = YES;
				GCC_WARN_UNINITIALIZED_AUTOS = YES_AGGRESSIVE;
				GCC_WARN_UNUSED_FUNCTION = YES;
				GCC_WARN_UNUSED_VARIABLE = YES;
				MACOSX_DEPLOYMENT_TARGET = 10.13;
				MTL_ENABLE_DEBUG_INFO = NO;
				MTL_FAST_MATH = YES;
				SDKROOT = macosx;
				SWIFT_COMPILATION_MODE = wholemodule;
				SWIFT_OPTIMIZATION_LEVEL = "-O";
			};
			name = Release;
		};
		F2BD641521B0B2D600FBDFD2 /* Debug */ = {
			isa = XCBuildConfiguration;
			buildSettings = {
				ASSETCATALOG_COMPILER_APPICON_NAME = AppIcon;
				CODE_SIGN_ENTITLEMENTS = Model2/Model2.entitlements;
				CODE_SIGN_STYLE = Automatic;
				COMBINE_HIDPI_IMAGES = YES;
				DEVELOPMENT_TEAM = 7F7BS4L457;
				INFOPLIST_FILE = Model2/Info.plist;
				LD_RUNPATH_SEARCH_PATHS = (
					"$(inherited)",
					"@executable_path/../Frameworks",
				);
				PRODUCT_BUNDLE_IDENTIFIER = dsf.Model2;
				PRODUCT_NAME = "$(TARGET_NAME)";
				SWIFT_VERSION = 4.2;
			};
			name = Debug;
		};
		F2BD641621B0B2D600FBDFD2 /* Release */ = {
			isa = XCBuildConfiguration;
			buildSettings = {
				ASSETCATALOG_COMPILER_APPICON_NAME = AppIcon;
				CODE_SIGN_ENTITLEMENTS = Model2/Model2.entitlements;
				CODE_SIGN_STYLE = Automatic;
				COMBINE_HIDPI_IMAGES = YES;
				DEVELOPMENT_TEAM = 7F7BS4L457;
				INFOPLIST_FILE = Model2/Info.plist;
				LD_RUNPATH_SEARCH_PATHS = (
					"$(inherited)",
					"@executable_path/../Frameworks",
				);
				PRODUCT_BUNDLE_IDENTIFIER = dsf.Model2;
				PRODUCT_NAME = "$(TARGET_NAME)";
				SWIFT_VERSION = 4.2;
			};
			name = Release;
		};
		F2BD641821B0B2D600FBDFD2 /* Debug */ = {
			isa = XCBuildConfiguration;
			buildSettings = {
				ALWAYS_EMBED_SWIFT_STANDARD_LIBRARIES = YES;
				BUNDLE_LOADER = "$(TEST_HOST)";
				CODE_SIGN_STYLE = Automatic;
				COMBINE_HIDPI_IMAGES = YES;
				DEVELOPMENT_TEAM = 7F7BS4L457;
				INFOPLIST_FILE = Model2Tests/Info.plist;
				LD_RUNPATH_SEARCH_PATHS = (
					"$(inherited)",
					"@executable_path/../Frameworks",
					"@loader_path/../Frameworks",
				);
				PRODUCT_BUNDLE_IDENTIFIER = dsf.Model2Tests;
				PRODUCT_NAME = "$(TARGET_NAME)";
				SWIFT_VERSION = 4.2;
				TEST_HOST = "$(BUILT_PRODUCTS_DIR)/Model2.app/Contents/MacOS/Model2";
			};
			name = Debug;
		};
		F2BD641921B0B2D600FBDFD2 /* Release */ = {
			isa = XCBuildConfiguration;
			buildSettings = {
				ALWAYS_EMBED_SWIFT_STANDARD_LIBRARIES = YES;
				BUNDLE_LOADER = "$(TEST_HOST)";
				CODE_SIGN_STYLE = Automatic;
				COMBINE_HIDPI_IMAGES = YES;
				DEVELOPMENT_TEAM = 7F7BS4L457;
				INFOPLIST_FILE = Model2Tests/Info.plist;
				LD_RUNPATH_SEARCH_PATHS = (
					"$(inherited)",
					"@executable_path/../Frameworks",
					"@loader_path/../Frameworks",
				);
				PRODUCT_BUNDLE_IDENTIFIER = dsf.Model2Tests;
				PRODUCT_NAME = "$(TARGET_NAME)";
				SWIFT_VERSION = 4.2;
				TEST_HOST = "$(BUILT_PRODUCTS_DIR)/Model2.app/Contents/MacOS/Model2";
			};
			name = Release;
		};
		F2BD642421B0B35100FBDFD2 /* Debug */ = {
			isa = XCBuildConfiguration;
			buildSettings = {
				CODE_SIGN_STYLE = Automatic;
				DEVELOPMENT_TEAM = 7F7BS4L457;
				PRODUCT_NAME = "$(TARGET_NAME)";
				SWIFT_VERSION = 4.0;
			};
			name = Debug;
		};
		F2BD642521B0B35100FBDFD2 /* Release */ = {
			isa = XCBuildConfiguration;
			buildSettings = {
				CODE_SIGN_STYLE = Automatic;
				DEVELOPMENT_TEAM = 7F7BS4L457;
				PRODUCT_NAME = "$(TARGET_NAME)";
				SWIFT_VERSION = 4.0;
			};
			name = Release;
		};
/* End XCBuildConfiguration section */

/* Begin XCConfigurationList section */
		F2BD63EE21B0B2D500FBDFD2 /* Build configuration list for PBXProject "Model2" */ = {
			isa = XCConfigurationList;
			buildConfigurations = (
				F2BD641221B0B2D600FBDFD2 /* Debug */,
				F2BD641321B0B2D600FBDFD2 /* Release */,
			);
			defaultConfigurationIsVisible = 0;
			defaultConfigurationName = Release;
		};
		F2BD641421B0B2D600FBDFD2 /* Build configuration list for PBXNativeTarget "Model2" */ = {
			isa = XCConfigurationList;
			buildConfigurations = (
				F2BD641521B0B2D600FBDFD2 /* Debug */,
				F2BD641621B0B2D600FBDFD2 /* Release */,
			);
			defaultConfigurationIsVisible = 0;
			defaultConfigurationName = Release;
		};
		F2BD641721B0B2D600FBDFD2 /* Build configuration list for PBXNativeTarget "Model2Tests" */ = {
			isa = XCConfigurationList;
			buildConfigurations = (
				F2BD641821B0B2D600FBDFD2 /* Debug */,
				F2BD641921B0B2D600FBDFD2 /* Release */,
			);
			defaultConfigurationIsVisible = 0;
			defaultConfigurationName = Release;
		};
		F2BD642321B0B35100FBDFD2 /* Build configuration list for PBXNativeTarget "ModelCommand" */ = {
			isa = XCConfigurationList;
			buildConfigurations = (
				F2BD642421B0B35100FBDFD2 /* Debug */,
				F2BD642521B0B35100FBDFD2 /* Release */,
			);
			defaultConfigurationIsVisible = 0;
			defaultConfigurationName = Release;
		};
/* End XCConfigurationList section */
	};
	rootObject = F2BD63EB21B0B2D500FBDFD2 /* Project object */;
}
